// !$*UTF8*$!
{
	archiveVersion = 1;
	classes = {
	};
	objectVersion = 44;
	objects = {

/* Begin PBXAggregateTarget section */
		D30A5E530CF64778001177C9 /* All */ = {
			isa = PBXAggregateTarget;
			buildConfigurationList = D30A5E5B0CF647B2001177C9 /* Build configuration list for PBXAggregateTarget "All" */;
			buildPhases = (
			);
			dependencies = (
				D30A5E570CF64782001177C9 /* PBXTargetDependency */,
				D342AB030DE184A40027DC6F /* PBXTargetDependency */,
				D370B00A0D0591F4003AC66F /* PBXTargetDependency */,
				D30A5E590CF64785001177C9 /* PBXTargetDependency */,
				D369C2890D0C490700EA1D48 /* PBXTargetDependency */,
				D35252370D11DA9B00EDD72F /* PBXTargetDependency */,
				D3CE9D2F0D180FBD001B7FB3 /* PBXTargetDependency */,
				D3A3F3A10D1ABF59008BF09E /* PBXTargetDependency */,
				D3A306E10D9ECF350096F364 /* PBXTargetDependency */,
				D379DA720DBDF3CC0052160C /* PBXTargetDependency */,
				D3770B230DD192A300863081 /* PBXTargetDependency */,
			);
			name = All;
			productName = All;
		};
/* End PBXAggregateTarget section */

/* Begin PBXBuildFile section */
		8D07F2C00486CC7A007CD1D0 /* InfoPlist.strings in Resources */ = {isa = PBXBuildFile; fileRef = 089C1666FE841158C02AAC07 /* InfoPlist.strings */; };
		D30A5E050CF64555001177C9 /* elements.h in Headers */ = {isa = PBXBuildFile; fileRef = D30A5DCD0CF64555001177C9 /* elements.h */; };
		D30A5E070CF64555001177C9 /* exports.h in Headers */ = {isa = PBXBuildFile; fileRef = D30A5DCF0CF64555001177C9 /* exports.h */; };
		D30A5E080CF64555001177C9 /* factory.cpp in Sources */ = {isa = PBXBuildFile; fileRef = D30A5DD00CF64555001177C9 /* factory.cpp */; };
		D30A5E090CF64555001177C9 /* factory.h in Headers */ = {isa = PBXBuildFile; fileRef = D30A5DD10CF64555001177C9 /* factory.h */; };
		D30A5E120CF64555001177C9 /* typedefs.h in Headers */ = {isa = PBXBuildFile; fileRef = D30A5DDB0CF64555001177C9 /* typedefs.h */; };
		D30A5E130CF64555001177C9 /* types.h in Headers */ = {isa = PBXBuildFile; fileRef = D30A5DDC0CF64555001177C9 /* types.h */; };
		D30A5E140CF64555001177C9 /* xml.cpp in Sources */ = {isa = PBXBuildFile; fileRef = D30A5DDD0CF64555001177C9 /* xml.cpp */; };
		D30A5E150CF64555001177C9 /* xml.h in Headers */ = {isa = PBXBuildFile; fileRef = D30A5DDE0CF64555001177C9 /* xml.h */; };
		D30A5E170CF64555001177C9 /* xmlfile.cpp in Sources */ = {isa = PBXBuildFile; fileRef = D30A5DE10CF64555001177C9 /* xmlfile.cpp */; };
		D30A5E180CF64555001177C9 /* xmlfile.h in Headers */ = {isa = PBXBuildFile; fileRef = D30A5DE20CF64555001177C9 /* xmlfile.h */; };
		D30A5E1A0CF64555001177C9 /* xmlreader.cpp in Sources */ = {isa = PBXBuildFile; fileRef = D30A5DE40CF64555001177C9 /* xmlreader.cpp */; };
		D30A5E1B0CF64555001177C9 /* xmlreader.h in Headers */ = {isa = PBXBuildFile; fileRef = D30A5DE50CF64555001177C9 /* xmlreader.h */; };
		D30A5E1D0CF64555001177C9 /* functor.h in Headers */ = {isa = PBXBuildFile; fileRef = D30A5DE80CF64555001177C9 /* functor.h */; };
		D30A5E1E0CF64555001177C9 /* singleton.h in Headers */ = {isa = PBXBuildFile; fileRef = D30A5DE90CF64555001177C9 /* singleton.h */; };
		D30A5E1F0CF64555001177C9 /* smartpointer.h in Headers */ = {isa = PBXBuildFile; fileRef = D30A5DEA0CF64555001177C9 /* smartpointer.h */; };
		D30A5E210CF64555001177C9 /* ctree.h in Headers */ = {isa = PBXBuildFile; fileRef = D30A5DEC0CF64555001177C9 /* ctree.h */; };
		D30A5E230CF64555001177C9 /* tree_browser.h in Headers */ = {isa = PBXBuildFile; fileRef = D30A5DEE0CF64555001177C9 /* tree_browser.h */; };
		D30A5E280CF64555001177C9 /* reader.h in Headers */ = {isa = PBXBuildFile; fileRef = D30A5DF40CF64555001177C9 /* reader.h */; };
		D30A5E2E0CF64555001177C9 /* xmlparse.cpp in Sources */ = {isa = PBXBuildFile; fileRef = D30A5DFA0CF64555001177C9 /* xmlparse.cpp */; };
		D30A5E310CF64555001177C9 /* basevisitor.h in Headers */ = {isa = PBXBuildFile; fileRef = D30A5DFE0CF64555001177C9 /* basevisitor.h */; };
		D30A5E320CF64555001177C9 /* midicontextvisitor.h in Headers */ = {isa = PBXBuildFile; fileRef = D30A5DFF0CF64555001177C9 /* midicontextvisitor.h */; };
		D30A5E330CF64555001177C9 /* visitable.h in Headers */ = {isa = PBXBuildFile; fileRef = D30A5E000CF64555001177C9 /* visitable.h */; };
		D30A5E340CF64555001177C9 /* visitor.h in Headers */ = {isa = PBXBuildFile; fileRef = D30A5E010CF64555001177C9 /* visitor.h */; };
		D30A5E350CF64555001177C9 /* xmlvisitor.cpp in Sources */ = {isa = PBXBuildFile; fileRef = D30A5E020CF64555001177C9 /* xmlvisitor.cpp */; };
		D30A5E360CF64555001177C9 /* xmlvisitor.h in Headers */ = {isa = PBXBuildFile; fileRef = D30A5E030CF64555001177C9 /* xmlvisitor.h */; };
		D30A5E4B0CF646CC001177C9 /* xmlread.cpp in Sources */ = {isa = PBXBuildFile; fileRef = D30A5E4A0CF646CC001177C9 /* xmlread.cpp */; };
		D30A5E4E0CF64703001177C9 /* libmusicxml2.framework in Frameworks */ = {isa = PBXBuildFile; fileRef = D30A5E4D0CF64703001177C9 /* libmusicxml2.framework */; };
		D32C3BCC0D3903DF00F2ACAB /* bimap.h in Headers */ = {isa = PBXBuildFile; fileRef = D32C3BC90D3903DF00F2ACAB /* bimap.h */; };
		D32C3BCD0D3903DF00F2ACAB /* conversions.cpp in Sources */ = {isa = PBXBuildFile; fileRef = D32C3BCA0D3903DF00F2ACAB /* conversions.cpp */; };
		D32C3BCE0D3903DF00F2ACAB /* conversions.h in Headers */ = {isa = PBXBuildFile; fileRef = D32C3BCB0D3903DF00F2ACAB /* conversions.h */; };
		D32C3C320D392F7D00F2ACAB /* clefvisitor.cpp in Sources */ = {isa = PBXBuildFile; fileRef = D32C3C300D392F7D00F2ACAB /* clefvisitor.cpp */; };
		D32C3C330D392F7D00F2ACAB /* clefvisitor.h in Headers */ = {isa = PBXBuildFile; fileRef = D32C3C310D392F7D00F2ACAB /* clefvisitor.h */; };
		D32C3C520D394C9F00F2ACAB /* keysignvisitor.cpp in Sources */ = {isa = PBXBuildFile; fileRef = D32C3C500D394C9F00F2ACAB /* keysignvisitor.cpp */; };
		D32C3C530D394C9F00F2ACAB /* keysignvisitor.h in Headers */ = {isa = PBXBuildFile; fileRef = D32C3C510D394C9F00F2ACAB /* keysignvisitor.h */; };
		D33CF7A80D320F51004D9064 /* libmusicxml2.framework in Frameworks */ = {isa = PBXBuildFile; fileRef = D30A5E4D0CF64703001177C9 /* libmusicxml2.framework */; };
		D33CF7AB0D320F69004D9064 /* transpose.cpp in Sources */ = {isa = PBXBuildFile; fileRef = D33CF7AA0D320F69004D9064 /* transpose.cpp */; };
		D33CF81E0D324E0A004D9064 /* rational.cpp in Sources */ = {isa = PBXBuildFile; fileRef = D33CF81C0D324E0A004D9064 /* rational.cpp */; };
		D33CF81F0D324E0A004D9064 /* rational.h in Headers */ = {isa = PBXBuildFile; fileRef = D33CF81D0D324E0A004D9064 /* rational.h */; };
		D342AB000DE1848F0027DC6F /* countnotes.cpp in Sources */ = {isa = PBXBuildFile; fileRef = D369BFB90D0980F000EA1D48 /* countnotes.cpp */; };
		D342AB010DE184930027DC6F /* libmusicxml2.framework in Frameworks */ = {isa = PBXBuildFile; fileRef = D30A5E4D0CF64703001177C9 /* libmusicxml2.framework */; };
		D35252100D11D90A00EDD72F /* clonevisitor.cpp in Sources */ = {isa = PBXBuildFile; fileRef = D352520E0D11D90A00EDD72F /* clonevisitor.cpp */; };
		D35252110D11D90A00EDD72F /* clonevisitor.h in Headers */ = {isa = PBXBuildFile; fileRef = D352520F0D11D90A00EDD72F /* clonevisitor.h */; };
		D35252330D11DA8600EDD72F /* xmlclone.cpp in Sources */ = {isa = PBXBuildFile; fileRef = D35252320D11DA8600EDD72F /* xmlclone.cpp */; };
		D35252350D11DA8B00EDD72F /* libmusicxml2.framework in Frameworks */ = {isa = PBXBuildFile; fileRef = D30A5E4D0CF64703001177C9 /* libmusicxml2.framework */; };
		D35252690D11E3D000EDD72F /* unrolled_clonevisitor.cpp in Sources */ = {isa = PBXBuildFile; fileRef = D35252670D11E3D000EDD72F /* unrolled_clonevisitor.cpp */; };
		D352526A0D11E3D000EDD72F /* unrolled_clonevisitor.h in Headers */ = {isa = PBXBuildFile; fileRef = D35252680D11E3D000EDD72F /* unrolled_clonevisitor.h */; };
		D369BF8C0D092CF900EA1D48 /* notevisitor.cpp in Sources */ = {isa = PBXBuildFile; fileRef = D369BF8A0D092CF900EA1D48 /* notevisitor.cpp */; };
		D369BF8D0D092CF900EA1D48 /* notevisitor.h in Headers */ = {isa = PBXBuildFile; fileRef = D369BF8B0D092CF900EA1D48 /* notevisitor.h */; };
		D369C0EE0D09C0C300EA1D48 /* midicontextvisitor.cpp in Sources */ = {isa = PBXBuildFile; fileRef = D370B14E0D06087B003AC66F /* midicontextvisitor.cpp */; };
		D369C2730D0C486800EA1D48 /* libmusicxml2.framework in Frameworks */ = {isa = PBXBuildFile; fileRef = D30A5E4D0CF64703001177C9 /* libmusicxml2.framework */; };
		D369C2740D0C486E00EA1D48 /* readunrolled.cpp in Sources */ = {isa = PBXBuildFile; fileRef = D369C26B0D0C484B00EA1D48 /* readunrolled.cpp */; };
		D370AFE40D058D30003AC66F /* xml2guidovisitor.cpp in Sources */ = {isa = PBXBuildFile; fileRef = D370AFE20D058D30003AC66F /* xml2guidovisitor.cpp */; };
		D370AFE50D058D30003AC66F /* xml2guidovisitor.h in Headers */ = {isa = PBXBuildFile; fileRef = D370AFE30D058D30003AC66F /* xml2guidovisitor.h */; };
		D370B0080D0591EE003AC66F /* libmusicxml2.framework in Frameworks */ = {isa = PBXBuildFile; fileRef = D30A5E4D0CF64703001177C9 /* libmusicxml2.framework */; };
		D370B00D0D059215003AC66F /* xml2guido.cpp in Sources */ = {isa = PBXBuildFile; fileRef = D370B00C0D059215003AC66F /* xml2guido.cpp */; };
		D3770B210DD1929300863081 /* RandomMusic.cpp in Sources */ = {isa = PBXBuildFile; fileRef = D3770B200DD1929300863081 /* RandomMusic.cpp */; };
		D3770B240DD192B400863081 /* libmusicxml2.framework in Frameworks */ = {isa = PBXBuildFile; fileRef = D30A5E4D0CF64703001177C9 /* libmusicxml2.framework */; };
		D379DA4E0DBDEE6C0052160C /* partsummary.cpp in Sources */ = {isa = PBXBuildFile; fileRef = D379DA4C0DBDEE6C0052160C /* partsummary.cpp */; };
		D379DA4F0DBDEE6C0052160C /* partsummary.h in Headers */ = {isa = PBXBuildFile; fileRef = D379DA4D0DBDEE6C0052160C /* partsummary.h */; };
		D379DA650DBDF2F20052160C /* libmusicxml2.framework in Frameworks */ = {isa = PBXBuildFile; fileRef = D30A5E4D0CF64703001177C9 /* libmusicxml2.framework */; };
		D379DA6C0DBDF34F0052160C /* partsummary.cpp in Sources */ = {isa = PBXBuildFile; fileRef = D379DA6B0DBDF34F0052160C /* partsummary.cpp */; };
		D380A5010CFCC6FE00E5837C /* guido.cpp in Sources */ = {isa = PBXBuildFile; fileRef = D380A4FE0CFCC6FE00E5837C /* guido.cpp */; };
		D380A5020CFCC6FE00E5837C /* guido.h in Headers */ = {isa = PBXBuildFile; fileRef = D380A4FF0CFCC6FE00E5837C /* guido.h */; };
		D38E06AF0DC1EB7E00A6FB84 /* xmlpart2guido.cpp in Sources */ = {isa = PBXBuildFile; fileRef = D38E06AD0DC1EB7D00A6FB84 /* xmlpart2guido.cpp */; };
		D38E06B00DC1EB7E00A6FB84 /* xmlpart2guido.h in Headers */ = {isa = PBXBuildFile; fileRef = D38E06AE0DC1EB7D00A6FB84 /* xmlpart2guido.h */; };
		D3908F390D196B5B00B69019 /* browser.h in Headers */ = {isa = PBXBuildFile; fileRef = D3908F380D196B5B00B69019 /* browser.h */; };
		D3912E940D3EB20B00661C02 /* metronomevisitor.cpp in Sources */ = {isa = PBXBuildFile; fileRef = D3912E920D3EB20B00661C02 /* metronomevisitor.cpp */; };
		D3912E950D3EB20B00661C02 /* metronomevisitor.h in Headers */ = {isa = PBXBuildFile; fileRef = D3912E930D3EB20B00661C02 /* metronomevisitor.h */; };
		D3A3F3A30D1ABF63008BF09E /* libmusicxml2.framework in Frameworks */ = {isa = PBXBuildFile; fileRef = D30A5E4D0CF64703001177C9 /* libmusicxml2.framework */; };
		D3A3F3A50D1ABF79008BF09E /* xmliter.cpp in Sources */ = {isa = PBXBuildFile; fileRef = D3A3F3A40D1ABF79008BF09E /* xmliter.cpp */; };
		D3B819160D1BE36F002C4D6E /* xml_tree_browser.cpp in Sources */ = {isa = PBXBuildFile; fileRef = D3B819140D1BE36F002C4D6E /* xml_tree_browser.cpp */; };
		D3B819170D1BE36F002C4D6E /* xml_tree_browser.h in Headers */ = {isa = PBXBuildFile; fileRef = D3B819150D1BE36F002C4D6E /* xml_tree_browser.h */; };
		D3B819280D1BE460002C4D6E /* unrolled_xml_tree_browser.cpp in Sources */ = {isa = PBXBuildFile; fileRef = D369C2170D0C268D00EA1D48 /* unrolled_xml_tree_browser.cpp */; };
		D3B81A860D1C29B9002C4D6E /* transposition.cpp in Sources */ = {isa = PBXBuildFile; fileRef = D3908EA10D192B6A00B69019 /* transposition.cpp */; };
		D3BC5B6D0E920A7200033FAD /* versions.cpp in Sources */ = {isa = PBXBuildFile; fileRef = D3BC5B6B0E920A7200033FAD /* versions.cpp */; };
		D3BC5B6E0E920A7200033FAD /* versions.h in Headers */ = {isa = PBXBuildFile; fileRef = D3BC5B6C0E920A7200033FAD /* versions.h */; };
		D3CE9CCA0D17D6D0001B7FB3 /* transposevisitor.cpp in Sources */ = {isa = PBXBuildFile; fileRef = D3CE9CC80D17D6D0001B7FB3 /* transposevisitor.cpp */; };
		D3CE9CCB0D17D6D0001B7FB3 /* transposevisitor.h in Headers */ = {isa = PBXBuildFile; fileRef = D3CE9CC90D17D6D0001B7FB3 /* transposevisitor.h */; };
		D3CE9D2A0D180FA2001B7FB3 /* libmusicxml2.framework in Frameworks */ = {isa = PBXBuildFile; fileRef = D30A5E4D0CF64703001177C9 /* libmusicxml2.framework */; };
		D3CE9D2C0D180FB7001B7FB3 /* xml2midi.cpp in Sources */ = {isa = PBXBuildFile; fileRef = D3CE9D2B0D180FB7001B7FB3 /* xml2midi.cpp */; };
		D3CE9E7A0D183A5B001B7FB3 /* keyvisitor.cpp in Sources */ = {isa = PBXBuildFile; fileRef = D3CE9E780D183A5B001B7FB3 /* keyvisitor.cpp */; };
		D3CE9E7B0D183A5B001B7FB3 /* keyvisitor.h in Headers */ = {isa = PBXBuildFile; fileRef = D3CE9E790D183A5B001B7FB3 /* keyvisitor.h */; };
		D3CE9E800D183D45001B7FB3 /* timesignvisitor.cpp in Sources */ = {isa = PBXBuildFile; fileRef = D3CE9E7E0D183D45001B7FB3 /* timesignvisitor.cpp */; };
		D3CE9E810D183D45001B7FB3 /* timesignvisitor.h in Headers */ = {isa = PBXBuildFile; fileRef = D3CE9E7F0D183D45001B7FB3 /* timesignvisitor.h */; };
		D3CFB22E0F729338006C5D01 /* libmusicxml.cpp in Sources */ = {isa = PBXBuildFile; fileRef = D3CFB22D0F729338006C5D01 /* libmusicxml.cpp */; };
		D3CFB2300F729368006C5D01 /* musicxml2guido.cpp in Sources */ = {isa = PBXBuildFile; fileRef = D3CFB22F0F729368006C5D01 /* musicxml2guido.cpp */; };
/* End PBXBuildFile section */

/* Begin PBXContainerItemProxy section */
		D30A5E560CF64782001177C9 /* PBXContainerItemProxy */ = {
			isa = PBXContainerItemProxy;
			containerPortal = 0867D690FE84028FC02AAC07 /* Project object */;
			proxyType = 1;
			remoteGlobalIDString = 8D07F2BC0486CC7A007CD1D0;
			remoteInfo = libmusicxml2;
		};
		D30A5E580CF64785001177C9 /* PBXContainerItemProxy */ = {
			isa = PBXContainerItemProxy;
			containerPortal = 0867D690FE84028FC02AAC07 /* Project object */;
			proxyType = 1;
			remoteGlobalIDString = D30A5E450CF646A4001177C9;
			remoteInfo = xmlread;
		};
		D342AB020DE184A40027DC6F /* PBXContainerItemProxy */ = {
			isa = PBXContainerItemProxy;
			containerPortal = 0867D690FE84028FC02AAC07 /* Project object */;
			proxyType = 1;
			remoteGlobalIDString = D342AAFB0DE1847A0027DC6F;
			remoteInfo = countnotes;
		};
		D35252360D11DA9B00EDD72F /* PBXContainerItemProxy */ = {
			isa = PBXContainerItemProxy;
			containerPortal = 0867D690FE84028FC02AAC07 /* Project object */;
			proxyType = 1;
			remoteGlobalIDString = D352522D0D11DA6100EDD72F;
			remoteInfo = xmlclone;
		};
		D369C2880D0C490700EA1D48 /* PBXContainerItemProxy */ = {
			isa = PBXContainerItemProxy;
			containerPortal = 0867D690FE84028FC02AAC07 /* Project object */;
			proxyType = 1;
			remoteGlobalIDString = D369C26E0D0C485800EA1D48;
			remoteInfo = readunrolled;
		};
		D370B0090D0591F4003AC66F /* PBXContainerItemProxy */ = {
			isa = PBXContainerItemProxy;
			containerPortal = 0867D690FE84028FC02AAC07 /* Project object */;
			proxyType = 1;
			remoteGlobalIDString = D370B0030D0591BA003AC66F;
			remoteInfo = musicxml2guido;
		};
		D3770B220DD192A300863081 /* PBXContainerItemProxy */ = {
			isa = PBXContainerItemProxy;
			containerPortal = 0867D690FE84028FC02AAC07 /* Project object */;
			proxyType = 1;
			remoteGlobalIDString = D3770B1A0DD1926500863081;
			remoteInfo = randomMusic;
		};
		D379DA710DBDF3CC0052160C /* PBXContainerItemProxy */ = {
			isa = PBXContainerItemProxy;
			containerPortal = 0867D690FE84028FC02AAC07 /* Project object */;
			proxyType = 1;
			remoteGlobalIDString = D379DA610DBDF2F20052160C;
			remoteInfo = partsummary;
		};
		D3A306E00D9ECF350096F364 /* PBXContainerItemProxy */ = {
			isa = PBXContainerItemProxy;
			containerPortal = 0867D690FE84028FC02AAC07 /* Project object */;
			proxyType = 1;
			remoteGlobalIDString = D33CF7A30D320F3C004D9064;
			remoteInfo = transpose;
		};
		D3A3F3A00D1ABF59008BF09E /* PBXContainerItemProxy */ = {
			isa = PBXContainerItemProxy;
			containerPortal = 0867D690FE84028FC02AAC07 /* Project object */;
			proxyType = 1;
			remoteGlobalIDString = D3A3F39B0D1ABF52008BF09E;
			remoteInfo = xmliter;
		};
		D3CE9D2E0D180FBD001B7FB3 /* PBXContainerItemProxy */ = {
			isa = PBXContainerItemProxy;
			containerPortal = 0867D690FE84028FC02AAC07 /* Project object */;
			proxyType = 1;
			remoteGlobalIDString = D3CE9D250D180F93001B7FB3;
			remoteInfo = xml2midi;
		};
/* End PBXContainerItemProxy section */

/* Begin PBXFileReference section */
		089C1667FE841158C02AAC07 /* English */ = {isa = PBXFileReference; fileEncoding = 10; lastKnownFileType = text.plist.strings; name = English; path = English.lproj/InfoPlist.strings; sourceTree = "<group>"; };
		8D07F2C70486CC7A007CD1D0 /* Info.plist */ = {isa = PBXFileReference; fileEncoding = 4; lastKnownFileType = text.plist; path = Info.plist; sourceTree = "<group>"; };
		8D07F2C80486CC7A007CD1D0 /* libmusicxml2.framework */ = {isa = PBXFileReference; explicitFileType = wrapper.framework; includeInIndex = 0; path = libmusicxml2.framework; sourceTree = BUILT_PRODUCTS_DIR; };
		D30A5DCD0CF64555001177C9 /* elements.h */ = {isa = PBXFileReference; fileEncoding = 5; lastKnownFileType = sourcecode.c.h; name = elements.h; path = ../src/elements/elements.h; sourceTree = SOURCE_ROOT; };
		D30A5DCF0CF64555001177C9 /* exports.h */ = {isa = PBXFileReference; fileEncoding = 5; lastKnownFileType = sourcecode.c.h; name = exports.h; path = ../src/elements/exports.h; sourceTree = SOURCE_ROOT; };
		D30A5DD00CF64555001177C9 /* factory.cpp */ = {isa = PBXFileReference; fileEncoding = 5; lastKnownFileType = sourcecode.cpp.cpp; name = factory.cpp; path = ../src/elements/factory.cpp; sourceTree = SOURCE_ROOT; };
		D30A5DD10CF64555001177C9 /* factory.h */ = {isa = PBXFileReference; fileEncoding = 5; lastKnownFileType = sourcecode.c.h; name = factory.h; path = ../src/elements/factory.h; sourceTree = SOURCE_ROOT; };
		D30A5DDB0CF64555001177C9 /* typedefs.h */ = {isa = PBXFileReference; fileEncoding = 5; lastKnownFileType = sourcecode.c.h; name = typedefs.h; path = ../src/elements/typedefs.h; sourceTree = SOURCE_ROOT; };
		D30A5DDC0CF64555001177C9 /* types.h */ = {isa = PBXFileReference; fileEncoding = 5; lastKnownFileType = sourcecode.c.h; name = types.h; path = ../src/elements/types.h; sourceTree = SOURCE_ROOT; };
		D30A5DDD0CF64555001177C9 /* xml.cpp */ = {isa = PBXFileReference; fileEncoding = 5; lastKnownFileType = sourcecode.cpp.cpp; name = xml.cpp; path = ../src/elements/xml.cpp; sourceTree = SOURCE_ROOT; };
		D30A5DDE0CF64555001177C9 /* xml.h */ = {isa = PBXFileReference; fileEncoding = 5; lastKnownFileType = sourcecode.c.h; name = xml.h; path = ../src/elements/xml.h; sourceTree = SOURCE_ROOT; };
		D30A5DE10CF64555001177C9 /* xmlfile.cpp */ = {isa = PBXFileReference; fileEncoding = 5; lastKnownFileType = sourcecode.cpp.cpp; name = xmlfile.cpp; path = ../src/files/xmlfile.cpp; sourceTree = SOURCE_ROOT; };
		D30A5DE20CF64555001177C9 /* xmlfile.h */ = {isa = PBXFileReference; fileEncoding = 5; lastKnownFileType = sourcecode.c.h; name = xmlfile.h; path = ../src/files/xmlfile.h; sourceTree = SOURCE_ROOT; };
		D30A5DE40CF64555001177C9 /* xmlreader.cpp */ = {isa = PBXFileReference; fileEncoding = 5; lastKnownFileType = sourcecode.cpp.cpp; name = xmlreader.cpp; path = ../src/files/xmlreader.cpp; sourceTree = SOURCE_ROOT; };
		D30A5DE50CF64555001177C9 /* xmlreader.h */ = {isa = PBXFileReference; fileEncoding = 5; lastKnownFileType = sourcecode.c.h; name = xmlreader.h; path = ../src/files/xmlreader.h; sourceTree = SOURCE_ROOT; };
		D30A5DE80CF64555001177C9 /* functor.h */ = {isa = PBXFileReference; fileEncoding = 5; lastKnownFileType = sourcecode.c.h; name = functor.h; path = ../src/lib/functor.h; sourceTree = SOURCE_ROOT; };
		D30A5DE90CF64555001177C9 /* singleton.h */ = {isa = PBXFileReference; fileEncoding = 5; lastKnownFileType = sourcecode.c.h; name = singleton.h; path = ../src/lib/singleton.h; sourceTree = SOURCE_ROOT; };
		D30A5DEA0CF64555001177C9 /* smartpointer.h */ = {isa = PBXFileReference; fileEncoding = 5; lastKnownFileType = sourcecode.c.h; name = smartpointer.h; path = ../src/lib/smartpointer.h; sourceTree = SOURCE_ROOT; };
		D30A5DEC0CF64555001177C9 /* ctree.h */ = {isa = PBXFileReference; fileEncoding = 5; lastKnownFileType = sourcecode.c.h; path = ctree.h; sourceTree = "<group>"; };
		D30A5DEE0CF64555001177C9 /* tree_browser.h */ = {isa = PBXFileReference; fileEncoding = 5; lastKnownFileType = sourcecode.c.h; name = tree_browser.h; path = ../src/lib/tree_browser.h; sourceTree = SOURCE_ROOT; };
		D30A5DF40CF64555001177C9 /* reader.h */ = {isa = PBXFileReference; fileEncoding = 5; lastKnownFileType = sourcecode.c.h; name = reader.h; path = ../src/parser/reader.h; sourceTree = SOURCE_ROOT; };
		D30A5DF80CF64555001177C9 /* xmllex.cpp */ = {isa = PBXFileReference; fileEncoding = 5; lastKnownFileType = sourcecode.cpp.cpp; name = xmllex.cpp; path = ../src/parser/xmllex.cpp; sourceTree = SOURCE_ROOT; };
		D30A5DFA0CF64555001177C9 /* xmlparse.cpp */ = {isa = PBXFileReference; fileEncoding = 5; lastKnownFileType = sourcecode.cpp.cpp; name = xmlparse.cpp; path = ../src/parser/xmlparse.cpp; sourceTree = SOURCE_ROOT; };
		D30A5DFE0CF64555001177C9 /* basevisitor.h */ = {isa = PBXFileReference; fileEncoding = 5; lastKnownFileType = sourcecode.c.h; name = basevisitor.h; path = ../src/visitors/basevisitor.h; sourceTree = SOURCE_ROOT; };
		D30A5DFF0CF64555001177C9 /* midicontextvisitor.h */ = {isa = PBXFileReference; fileEncoding = 5; lastKnownFileType = sourcecode.c.h; path = midicontextvisitor.h; sourceTree = "<group>"; };
		D30A5E000CF64555001177C9 /* visitable.h */ = {isa = PBXFileReference; fileEncoding = 5; lastKnownFileType = sourcecode.c.h; name = visitable.h; path = ../src/visitors/visitable.h; sourceTree = SOURCE_ROOT; };
		D30A5E010CF64555001177C9 /* visitor.h */ = {isa = PBXFileReference; fileEncoding = 5; lastKnownFileType = sourcecode.c.h; name = visitor.h; path = ../src/visitors/visitor.h; sourceTree = SOURCE_ROOT; };
		D30A5E020CF64555001177C9 /* xmlvisitor.cpp */ = {isa = PBXFileReference; fileEncoding = 5; lastKnownFileType = sourcecode.cpp.cpp; name = xmlvisitor.cpp; path = ../src/visitors/xmlvisitor.cpp; sourceTree = SOURCE_ROOT; };
		D30A5E030CF64555001177C9 /* xmlvisitor.h */ = {isa = PBXFileReference; fileEncoding = 5; lastKnownFileType = sourcecode.c.h; name = xmlvisitor.h; path = ../src/visitors/xmlvisitor.h; sourceTree = SOURCE_ROOT; };
		D30A5E460CF646A4001177C9 /* xmlread */ = {isa = PBXFileReference; explicitFileType = "compiled.mach-o.executable"; includeInIndex = 0; path = xmlread; sourceTree = BUILT_PRODUCTS_DIR; };
		D30A5E4A0CF646CC001177C9 /* xmlread.cpp */ = {isa = PBXFileReference; fileEncoding = 5; lastKnownFileType = sourcecode.cpp.cpp; name = xmlread.cpp; path = ../samples/xmlread.cpp; sourceTree = SOURCE_ROOT; };
		D30A5E4D0CF64703001177C9 /* libmusicxml2.framework */ = {isa = PBXFileReference; lastKnownFileType = wrapper.framework; name = libmusicxml2.framework; path = build/Debug/libmusicxml2.framework; sourceTree = "<group>"; };
		D32C3BC90D3903DF00F2ACAB /* bimap.h */ = {isa = PBXFileReference; fileEncoding = 5; lastKnownFileType = sourcecode.c.h; name = bimap.h; path = ../src/lib/bimap.h; sourceTree = SOURCE_ROOT; };
		D32C3BCA0D3903DF00F2ACAB /* conversions.cpp */ = {isa = PBXFileReference; fileEncoding = 5; lastKnownFileType = sourcecode.cpp.cpp; name = conversions.cpp; path = ../src/lib/conversions.cpp; sourceTree = SOURCE_ROOT; };
		D32C3BCB0D3903DF00F2ACAB /* conversions.h */ = {isa = PBXFileReference; fileEncoding = 5; lastKnownFileType = sourcecode.c.h; name = conversions.h; path = ../src/lib/conversions.h; sourceTree = SOURCE_ROOT; };
		D32C3C300D392F7D00F2ACAB /* clefvisitor.cpp */ = {isa = PBXFileReference; fileEncoding = 5; lastKnownFileType = sourcecode.cpp.cpp; name = clefvisitor.cpp; path = ../src/visitors/clefvisitor.cpp; sourceTree = SOURCE_ROOT; };
		D32C3C310D392F7D00F2ACAB /* clefvisitor.h */ = {isa = PBXFileReference; fileEncoding = 5; lastKnownFileType = sourcecode.c.h; name = clefvisitor.h; path = ../src/visitors/clefvisitor.h; sourceTree = SOURCE_ROOT; };
		D32C3C500D394C9F00F2ACAB /* keysignvisitor.cpp */ = {isa = PBXFileReference; fileEncoding = 5; lastKnownFileType = sourcecode.cpp.cpp; name = keysignvisitor.cpp; path = ../src/visitors/keysignvisitor.cpp; sourceTree = SOURCE_ROOT; };
		D32C3C510D394C9F00F2ACAB /* keysignvisitor.h */ = {isa = PBXFileReference; fileEncoding = 5; lastKnownFileType = sourcecode.c.h; name = keysignvisitor.h; path = ../src/visitors/keysignvisitor.h; sourceTree = SOURCE_ROOT; };
		D33CF7A40D320F3C004D9064 /* transpose */ = {isa = PBXFileReference; explicitFileType = "compiled.mach-o.executable"; includeInIndex = 0; path = transpose; sourceTree = BUILT_PRODUCTS_DIR; };
		D33CF7AA0D320F69004D9064 /* transpose.cpp */ = {isa = PBXFileReference; fileEncoding = 5; lastKnownFileType = sourcecode.cpp.cpp; name = transpose.cpp; path = ../samples/transpose.cpp; sourceTree = SOURCE_ROOT; };
		D33CF81C0D324E0A004D9064 /* rational.cpp */ = {isa = PBXFileReference; fileEncoding = 5; lastKnownFileType = sourcecode.cpp.cpp; name = rational.cpp; path = ../src/lib/rational.cpp; sourceTree = SOURCE_ROOT; };
		D33CF81D0D324E0A004D9064 /* rational.h */ = {isa = PBXFileReference; fileEncoding = 5; lastKnownFileType = sourcecode.c.h; name = rational.h; path = ../src/lib/rational.h; sourceTree = SOURCE_ROOT; };
		D342AAFC0DE1847A0027DC6F /* countnotes */ = {isa = PBXFileReference; explicitFileType = "compiled.mach-o.executable"; includeInIndex = 0; path = countnotes; sourceTree = BUILT_PRODUCTS_DIR; };
		D352520E0D11D90A00EDD72F /* clonevisitor.cpp */ = {isa = PBXFileReference; fileEncoding = 5; lastKnownFileType = sourcecode.cpp.cpp; name = clonevisitor.cpp; path = ../src/visitors/clonevisitor.cpp; sourceTree = SOURCE_ROOT; };
		D352520F0D11D90A00EDD72F /* clonevisitor.h */ = {isa = PBXFileReference; fileEncoding = 5; lastKnownFileType = sourcecode.c.h; name = clonevisitor.h; path = ../src/visitors/clonevisitor.h; sourceTree = SOURCE_ROOT; };
		D352522E0D11DA6100EDD72F /* xmlclone */ = {isa = PBXFileReference; explicitFileType = "compiled.mach-o.executable"; includeInIndex = 0; path = xmlclone; sourceTree = BUILT_PRODUCTS_DIR; };
		D35252320D11DA8600EDD72F /* xmlclone.cpp */ = {isa = PBXFileReference; fileEncoding = 5; lastKnownFileType = sourcecode.cpp.cpp; name = xmlclone.cpp; path = ../samples/xmlclone.cpp; sourceTree = SOURCE_ROOT; };
		D35252670D11E3D000EDD72F /* unrolled_clonevisitor.cpp */ = {isa = PBXFileReference; fileEncoding = 5; lastKnownFileType = sourcecode.cpp.cpp; path = unrolled_clonevisitor.cpp; sourceTree = "<group>"; };
		D35252680D11E3D000EDD72F /* unrolled_clonevisitor.h */ = {isa = PBXFileReference; fileEncoding = 5; lastKnownFileType = sourcecode.c.h; path = unrolled_clonevisitor.h; sourceTree = "<group>"; };
		D369BF8A0D092CF900EA1D48 /* notevisitor.cpp */ = {isa = PBXFileReference; fileEncoding = 5; lastKnownFileType = sourcecode.cpp.cpp; name = notevisitor.cpp; path = ../src/visitors/notevisitor.cpp; sourceTree = SOURCE_ROOT; };
		D369BF8B0D092CF900EA1D48 /* notevisitor.h */ = {isa = PBXFileReference; fileEncoding = 5; lastKnownFileType = sourcecode.c.h; name = notevisitor.h; path = ../src/visitors/notevisitor.h; sourceTree = SOURCE_ROOT; };
		D369BFB90D0980F000EA1D48 /* countnotes.cpp */ = {isa = PBXFileReference; fileEncoding = 5; lastKnownFileType = sourcecode.cpp.cpp; name = countnotes.cpp; path = ../samples/countnotes.cpp; sourceTree = SOURCE_ROOT; };
		D369BFDB0D098C1C00EA1D48 /* xml.l */ = {isa = PBXFileReference; fileEncoding = 5; lastKnownFileType = sourcecode.lex; name = xml.l; path = ../src/parser/xml.l; sourceTree = SOURCE_ROOT; };
		D369BFDC0D098C1C00EA1D48 /* xml.y */ = {isa = PBXFileReference; fileEncoding = 5; lastKnownFileType = sourcecode.yacc; name = xml.y; path = ../src/parser/xml.y; sourceTree = SOURCE_ROOT; };
		D369C2170D0C268D00EA1D48 /* unrolled_xml_tree_browser.cpp */ = {isa = PBXFileReference; fileEncoding = 5; lastKnownFileType = sourcecode.cpp.cpp; path = unrolled_xml_tree_browser.cpp; sourceTree = "<group>"; };
		D369C2180D0C268D00EA1D48 /* unrolled_xml_tree_browser.h */ = {isa = PBXFileReference; fileEncoding = 5; lastKnownFileType = sourcecode.c.h; path = unrolled_xml_tree_browser.h; sourceTree = "<group>"; };
		D369C26B0D0C484B00EA1D48 /* readunrolled.cpp */ = {isa = PBXFileReference; fileEncoding = 5; lastKnownFileType = sourcecode.cpp.cpp; name = readunrolled.cpp; path = ../samples/readunrolled.cpp; sourceTree = SOURCE_ROOT; };
		D369C26F0D0C485800EA1D48 /* readunrolled */ = {isa = PBXFileReference; explicitFileType = "compiled.mach-o.executable"; includeInIndex = 0; path = readunrolled; sourceTree = BUILT_PRODUCTS_DIR; };
		D370AFE20D058D30003AC66F /* xml2guidovisitor.cpp */ = {isa = PBXFileReference; fileEncoding = 5; lastKnownFileType = sourcecode.cpp.cpp; name = xml2guidovisitor.cpp; path = ../src/guido/xml2guidovisitor.cpp; sourceTree = SOURCE_ROOT; };
		D370AFE30D058D30003AC66F /* xml2guidovisitor.h */ = {isa = PBXFileReference; fileEncoding = 5; lastKnownFileType = sourcecode.c.h; name = xml2guidovisitor.h; path = ../src/guido/xml2guidovisitor.h; sourceTree = SOURCE_ROOT; };
		D370B0040D0591BA003AC66F /* xml2guido */ = {isa = PBXFileReference; explicitFileType = "compiled.mach-o.executable"; includeInIndex = 0; path = xml2guido; sourceTree = BUILT_PRODUCTS_DIR; };
		D370B00C0D059215003AC66F /* xml2guido.cpp */ = {isa = PBXFileReference; fileEncoding = 5; lastKnownFileType = sourcecode.cpp.cpp; name = xml2guido.cpp; path = ../samples/xml2guido.cpp; sourceTree = SOURCE_ROOT; };
		D370B14E0D06087B003AC66F /* midicontextvisitor.cpp */ = {isa = PBXFileReference; fileEncoding = 5; lastKnownFileType = sourcecode.cpp.cpp; name = midicontextvisitor.cpp; path = ../src/visitors/midicontextvisitor.cpp; sourceTree = SOURCE_ROOT; };
		D3770B1B0DD1926500863081 /* randomMusic */ = {isa = PBXFileReference; explicitFileType = "compiled.mach-o.executable"; includeInIndex = 0; path = randomMusic; sourceTree = BUILT_PRODUCTS_DIR; };
		D3770B200DD1929300863081 /* RandomMusic.cpp */ = {isa = PBXFileReference; fileEncoding = 5; lastKnownFileType = sourcecode.cpp.cpp; name = RandomMusic.cpp; path = ../samples/RandomMusic.cpp; sourceTree = SOURCE_ROOT; };
		D379DA4C0DBDEE6C0052160C /* partsummary.cpp */ = {isa = PBXFileReference; fileEncoding = 5; lastKnownFileType = sourcecode.cpp.cpp; name = partsummary.cpp; path = ../src/visitors/partsummary.cpp; sourceTree = SOURCE_ROOT; };
		D379DA4D0DBDEE6C0052160C /* partsummary.h */ = {isa = PBXFileReference; fileEncoding = 5; lastKnownFileType = sourcecode.c.h; name = partsummary.h; path = ../src/visitors/partsummary.h; sourceTree = SOURCE_ROOT; };
		D379DA690DBDF2F20052160C /* partsummary */ = {isa = PBXFileReference; explicitFileType = "compiled.mach-o.executable"; includeInIndex = 0; path = partsummary; sourceTree = BUILT_PRODUCTS_DIR; };
		D379DA6B0DBDF34F0052160C /* partsummary.cpp */ = {isa = PBXFileReference; fileEncoding = 5; lastKnownFileType = sourcecode.cpp.cpp; name = partsummary.cpp; path = ../samples/partsummary.cpp; sourceTree = SOURCE_ROOT; };
		D380A4FE0CFCC6FE00E5837C /* guido.cpp */ = {isa = PBXFileReference; fileEncoding = 5; lastKnownFileType = sourcecode.cpp.cpp; name = guido.cpp; path = ../src/guido/guido.cpp; sourceTree = SOURCE_ROOT; };
		D380A4FF0CFCC6FE00E5837C /* guido.h */ = {isa = PBXFileReference; fileEncoding = 5; lastKnownFileType = sourcecode.c.h; name = guido.h; path = ../src/guido/guido.h; sourceTree = SOURCE_ROOT; };
		D38E06AD0DC1EB7D00A6FB84 /* xmlpart2guido.cpp */ = {isa = PBXFileReference; fileEncoding = 5; lastKnownFileType = sourcecode.cpp.cpp; name = xmlpart2guido.cpp; path = ../src/guido/xmlpart2guido.cpp; sourceTree = SOURCE_ROOT; };
		D38E06AE0DC1EB7D00A6FB84 /* xmlpart2guido.h */ = {isa = PBXFileReference; fileEncoding = 5; lastKnownFileType = sourcecode.c.h; name = xmlpart2guido.h; path = ../src/guido/xmlpart2guido.h; sourceTree = SOURCE_ROOT; };
		D3908EA10D192B6A00B69019 /* transposition.cpp */ = {isa = PBXFileReference; fileEncoding = 5; lastKnownFileType = sourcecode.cpp.cpp; name = transposition.cpp; path = ../src/operations/transposition.cpp; sourceTree = SOURCE_ROOT; };
		D3908EA20D192B6A00B69019 /* transposition.h */ = {isa = PBXFileReference; fileEncoding = 5; lastKnownFileType = sourcecode.c.h; name = transposition.h; path = ../src/operations/transposition.h; sourceTree = SOURCE_ROOT; };
		D3908F380D196B5B00B69019 /* browser.h */ = {isa = PBXFileReference; fileEncoding = 5; lastKnownFileType = sourcecode.c.h; name = browser.h; path = ../src/lib/browser.h; sourceTree = SOURCE_ROOT; };
		D3912E920D3EB20B00661C02 /* metronomevisitor.cpp */ = {isa = PBXFileReference; fileEncoding = 5; lastKnownFileType = sourcecode.cpp.cpp; name = metronomevisitor.cpp; path = ../src/visitors/metronomevisitor.cpp; sourceTree = SOURCE_ROOT; };
		D3912E930D3EB20B00661C02 /* metronomevisitor.h */ = {isa = PBXFileReference; fileEncoding = 5; lastKnownFileType = sourcecode.c.h; name = metronomevisitor.h; path = ../src/visitors/metronomevisitor.h; sourceTree = SOURCE_ROOT; };
		D3A3F39C0D1ABF52008BF09E /* xmliter */ = {isa = PBXFileReference; explicitFileType = "compiled.mach-o.executable"; includeInIndex = 0; path = xmliter; sourceTree = BUILT_PRODUCTS_DIR; };
		D3A3F3A40D1ABF79008BF09E /* xmliter.cpp */ = {isa = PBXFileReference; fileEncoding = 5; lastKnownFileType = sourcecode.cpp.cpp; name = xmliter.cpp; path = ../samples/xmliter.cpp; sourceTree = SOURCE_ROOT; };
		D3B819140D1BE36F002C4D6E /* xml_tree_browser.cpp */ = {isa = PBXFileReference; fileEncoding = 5; lastKnownFileType = sourcecode.cpp.cpp; path = xml_tree_browser.cpp; sourceTree = "<group>"; };
		D3B819150D1BE36F002C4D6E /* xml_tree_browser.h */ = {isa = PBXFileReference; fileEncoding = 5; lastKnownFileType = sourcecode.c.h; path = xml_tree_browser.h; sourceTree = "<group>"; };
		D3BC5B6B0E920A7200033FAD /* versions.cpp */ = {isa = PBXFileReference; fileEncoding = 5; lastKnownFileType = sourcecode.cpp.cpp; name = versions.cpp; path = ../src/elements/versions.cpp; sourceTree = SOURCE_ROOT; };
		D3BC5B6C0E920A7200033FAD /* versions.h */ = {isa = PBXFileReference; fileEncoding = 5; lastKnownFileType = sourcecode.c.h; name = versions.h; path = ../src/elements/versions.h; sourceTree = SOURCE_ROOT; };
		D3CE9CC80D17D6D0001B7FB3 /* transposevisitor.cpp */ = {isa = PBXFileReference; fileEncoding = 5; lastKnownFileType = sourcecode.cpp.cpp; name = transposevisitor.cpp; path = ../src/visitors/transposevisitor.cpp; sourceTree = SOURCE_ROOT; };
		D3CE9CC90D17D6D0001B7FB3 /* transposevisitor.h */ = {isa = PBXFileReference; fileEncoding = 5; lastKnownFileType = sourcecode.c.h; name = transposevisitor.h; path = ../src/visitors/transposevisitor.h; sourceTree = SOURCE_ROOT; };
		D3CE9D260D180F93001B7FB3 /* xml2midi */ = {isa = PBXFileReference; explicitFileType = "compiled.mach-o.executable"; includeInIndex = 0; path = xml2midi; sourceTree = BUILT_PRODUCTS_DIR; };
		D3CE9D2B0D180FB7001B7FB3 /* xml2midi.cpp */ = {isa = PBXFileReference; fileEncoding = 5; lastKnownFileType = sourcecode.cpp.cpp; name = xml2midi.cpp; path = ../samples/xml2midi.cpp; sourceTree = SOURCE_ROOT; };
		D3CE9E780D183A5B001B7FB3 /* keyvisitor.cpp */ = {isa = PBXFileReference; fileEncoding = 5; lastKnownFileType = sourcecode.cpp.cpp; name = keyvisitor.cpp; path = ../src/visitors/keyvisitor.cpp; sourceTree = SOURCE_ROOT; };
		D3CE9E790D183A5B001B7FB3 /* keyvisitor.h */ = {isa = PBXFileReference; fileEncoding = 5; lastKnownFileType = sourcecode.c.h; name = keyvisitor.h; path = ../src/visitors/keyvisitor.h; sourceTree = SOURCE_ROOT; };
		D3CE9E7E0D183D45001B7FB3 /* timesignvisitor.cpp */ = {isa = PBXFileReference; fileEncoding = 5; lastKnownFileType = sourcecode.cpp.cpp; name = timesignvisitor.cpp; path = ../src/visitors/timesignvisitor.cpp; sourceTree = SOURCE_ROOT; };
		D3CE9E7F0D183D45001B7FB3 /* timesignvisitor.h */ = {isa = PBXFileReference; fileEncoding = 5; lastKnownFileType = sourcecode.c.h; name = timesignvisitor.h; path = ../src/visitors/timesignvisitor.h; sourceTree = SOURCE_ROOT; };
		D3CFB22D0F729338006C5D01 /* libmusicxml.cpp */ = {isa = PBXFileReference; fileEncoding = 5; lastKnownFileType = sourcecode.cpp.cpp; name = libmusicxml.cpp; path = ../src/interface/libmusicxml.cpp; sourceTree = SOURCE_ROOT; };
		D3CFB22F0F729368006C5D01 /* musicxml2guido.cpp */ = {isa = PBXFileReference; fileEncoding = 5; lastKnownFileType = sourcecode.cpp.cpp; name = musicxml2guido.cpp; path = ../src/interface/musicxml2guido.cpp; sourceTree = SOURCE_ROOT; };
/* End PBXFileReference section */

/* Begin PBXFrameworksBuildPhase section */
		8D07F2C30486CC7A007CD1D0 /* Frameworks */ = {
			isa = PBXFrameworksBuildPhase;
			buildActionMask = 2147483647;
			files = (
			);
			runOnlyForDeploymentPostprocessing = 0;
		};
		D30A5E440CF646A4001177C9 /* Frameworks */ = {
			isa = PBXFrameworksBuildPhase;
			buildActionMask = 2147483647;
			files = (
				D30A5E4E0CF64703001177C9 /* libmusicxml2.framework in Frameworks */,
			);
			runOnlyForDeploymentPostprocessing = 0;
		};
		D33CF7A20D320F3C004D9064 /* Frameworks */ = {
			isa = PBXFrameworksBuildPhase;
			buildActionMask = 2147483647;
			files = (
				D33CF7A80D320F51004D9064 /* libmusicxml2.framework in Frameworks */,
			);
			runOnlyForDeploymentPostprocessing = 0;
		};
		D342AAFA0DE1847A0027DC6F /* Frameworks */ = {
			isa = PBXFrameworksBuildPhase;
			buildActionMask = 2147483647;
			files = (
				D342AB010DE184930027DC6F /* libmusicxml2.framework in Frameworks */,
			);
			runOnlyForDeploymentPostprocessing = 0;
		};
		D352522C0D11DA6100EDD72F /* Frameworks */ = {
			isa = PBXFrameworksBuildPhase;
			buildActionMask = 2147483647;
			files = (
				D35252350D11DA8B00EDD72F /* libmusicxml2.framework in Frameworks */,
			);
			runOnlyForDeploymentPostprocessing = 0;
		};
		D369C26D0D0C485800EA1D48 /* Frameworks */ = {
			isa = PBXFrameworksBuildPhase;
			buildActionMask = 2147483647;
			files = (
				D369C2730D0C486800EA1D48 /* libmusicxml2.framework in Frameworks */,
			);
			runOnlyForDeploymentPostprocessing = 0;
		};
		D370B0020D0591BA003AC66F /* Frameworks */ = {
			isa = PBXFrameworksBuildPhase;
			buildActionMask = 2147483647;
			files = (
				D370B0080D0591EE003AC66F /* libmusicxml2.framework in Frameworks */,
			);
			runOnlyForDeploymentPostprocessing = 0;
		};
		D3770B190DD1926500863081 /* Frameworks */ = {
			isa = PBXFrameworksBuildPhase;
			buildActionMask = 2147483647;
			files = (
				D3770B240DD192B400863081 /* libmusicxml2.framework in Frameworks */,
			);
			runOnlyForDeploymentPostprocessing = 0;
		};
		D379DA640DBDF2F20052160C /* Frameworks */ = {
			isa = PBXFrameworksBuildPhase;
			buildActionMask = 2147483647;
			files = (
				D379DA650DBDF2F20052160C /* libmusicxml2.framework in Frameworks */,
			);
			runOnlyForDeploymentPostprocessing = 0;
		};
		D3A3F39A0D1ABF52008BF09E /* Frameworks */ = {
			isa = PBXFrameworksBuildPhase;
			buildActionMask = 2147483647;
			files = (
				D3A3F3A30D1ABF63008BF09E /* libmusicxml2.framework in Frameworks */,
			);
			runOnlyForDeploymentPostprocessing = 0;
		};
		D3CE9D240D180F93001B7FB3 /* Frameworks */ = {
			isa = PBXFrameworksBuildPhase;
			buildActionMask = 2147483647;
			files = (
				D3CE9D2A0D180FA2001B7FB3 /* libmusicxml2.framework in Frameworks */,
			);
			runOnlyForDeploymentPostprocessing = 0;
		};
/* End PBXFrameworksBuildPhase section */

/* Begin PBXGroup section */
		034768DDFF38A45A11DB9C8B /* Products */ = {
			isa = PBXGroup;
			children = (
				8D07F2C80486CC7A007CD1D0 /* libmusicxml2.framework */,
				D30A5E460CF646A4001177C9 /* xmlread */,
				D370B0040D0591BA003AC66F /* xml2guido */,
				D369C26F0D0C485800EA1D48 /* readunrolled */,
				D352522E0D11DA6100EDD72F /* xmlclone */,
				D3CE9D260D180F93001B7FB3 /* xml2midi */,
				D3A3F39C0D1ABF52008BF09E /* xmliter */,
				D33CF7A40D320F3C004D9064 /* transpose */,
				D379DA690DBDF2F20052160C /* partsummary */,
				D3770B1B0DD1926500863081 /* randomMusic */,
				D342AAFC0DE1847A0027DC6F /* countnotes */,
			);
			name = Products;
			sourceTree = "<group>";
		};
		0867D691FE84028FC02AAC07 /* libmusicxml2 */ = {
			isa = PBXGroup;
			children = (
				D370AFDD0D058C57003AC66F /* Applications */,
				08FB77ACFE841707C02AAC07 /* Source */,
				089C1665FE841158C02AAC07 /* Resources */,
				0867D69AFE84028FC02AAC07 /* External Frameworks and Libraries */,
				034768DDFF38A45A11DB9C8B /* Products */,
			);
			name = libmusicxml2;
			sourceTree = "<group>";
		};
		0867D69AFE84028FC02AAC07 /* External Frameworks and Libraries */ = {
			isa = PBXGroup;
			children = (
				D30A5E4D0CF64703001177C9 /* libmusicxml2.framework */,
			);
			name = "External Frameworks and Libraries";
			sourceTree = "<group>";
		};
		089C1665FE841158C02AAC07 /* Resources */ = {
			isa = PBXGroup;
			children = (
				8D07F2C70486CC7A007CD1D0 /* Info.plist */,
				089C1666FE841158C02AAC07 /* InfoPlist.strings */,
			);
			name = Resources;
			sourceTree = "<group>";
		};
		08FB77ACFE841707C02AAC07 /* Source */ = {
			isa = PBXGroup;
			children = (
				D3CFB2010F729098006C5D01 /* interface */,
				D380A4FD0CFCC6FE00E5837C /* guido */,
				D30A5DCC0CF64555001177C9 /* elements */,
				D30A5DE00CF64555001177C9 /* files */,
				D30A5DE70CF64555001177C9 /* lib */,
				D3908EA00D192B6A00B69019 /* operations */,
				D30A5DF10CF64555001177C9 /* parser */,
				D30A5DFD0CF64555001177C9 /* visitors */,
			);
			name = Source;
			sourceTree = "<group>";
		};
		D30A5DCC0CF64555001177C9 /* elements */ = {
			isa = PBXGroup;
			children = (
				D3BC5B6B0E920A7200033FAD /* versions.cpp */,
				D3BC5B6C0E920A7200033FAD /* versions.h */,
				D30A5DCD0CF64555001177C9 /* elements.h */,
				D30A5DCF0CF64555001177C9 /* exports.h */,
				D30A5DD00CF64555001177C9 /* factory.cpp */,
				D30A5DD10CF64555001177C9 /* factory.h */,
				D30A5DDB0CF64555001177C9 /* typedefs.h */,
				D30A5DDC0CF64555001177C9 /* types.h */,
				D369C2170D0C268D00EA1D48 /* unrolled_xml_tree_browser.cpp */,
				D369C2180D0C268D00EA1D48 /* unrolled_xml_tree_browser.h */,
				D30A5DDD0CF64555001177C9 /* xml.cpp */,
				D30A5DDE0CF64555001177C9 /* xml.h */,
				D3B819140D1BE36F002C4D6E /* xml_tree_browser.cpp */,
				D3B819150D1BE36F002C4D6E /* xml_tree_browser.h */,
			);
			name = elements;
			path = ../src/elements;
			sourceTree = SOURCE_ROOT;
		};
		D30A5DE00CF64555001177C9 /* files */ = {
			isa = PBXGroup;
			children = (
				D30A5DE10CF64555001177C9 /* xmlfile.cpp */,
				D30A5DE20CF64555001177C9 /* xmlfile.h */,
				D30A5DE40CF64555001177C9 /* xmlreader.cpp */,
				D30A5DE50CF64555001177C9 /* xmlreader.h */,
			);
			name = files;
			path = ../src/files;
			sourceTree = SOURCE_ROOT;
		};
		D30A5DE70CF64555001177C9 /* lib */ = {
			isa = PBXGroup;
			children = (
				D32C3BC90D3903DF00F2ACAB /* bimap.h */,
				D32C3BCA0D3903DF00F2ACAB /* conversions.cpp */,
				D32C3BCB0D3903DF00F2ACAB /* conversions.h */,
				D33CF81C0D324E0A004D9064 /* rational.cpp */,
				D33CF81D0D324E0A004D9064 /* rational.h */,
				D3908F380D196B5B00B69019 /* browser.h */,
				D30A5DE80CF64555001177C9 /* functor.h */,
				D30A5DE90CF64555001177C9 /* singleton.h */,
				D30A5DEA0CF64555001177C9 /* smartpointer.h */,
				D30A5DEC0CF64555001177C9 /* ctree.h */,
				D30A5DEE0CF64555001177C9 /* tree_browser.h */,
			);
			name = lib;
			path = ../src/lib;
			sourceTree = SOURCE_ROOT;
		};
		D30A5DF10CF64555001177C9 /* parser */ = {
			isa = PBXGroup;
			children = (
				D369BFDB0D098C1C00EA1D48 /* xml.l */,
				D369BFDC0D098C1C00EA1D48 /* xml.y */,
				D30A5DF40CF64555001177C9 /* reader.h */,
				D30A5DF80CF64555001177C9 /* xmllex.cpp */,
				D30A5DFA0CF64555001177C9 /* xmlparse.cpp */,
			);
			name = parser;
			path = ../src/parser;
			sourceTree = SOURCE_ROOT;
		};
		D30A5DFD0CF64555001177C9 /* visitors */ = {
			isa = PBXGroup;
			children = (
				D379DA4C0DBDEE6C0052160C /* partsummary.cpp */,
				D379DA4D0DBDEE6C0052160C /* partsummary.h */,
				D3912E920D3EB20B00661C02 /* metronomevisitor.cpp */,
				D3912E930D3EB20B00661C02 /* metronomevisitor.h */,
				D32C3C500D394C9F00F2ACAB /* keysignvisitor.cpp */,
				D32C3C510D394C9F00F2ACAB /* keysignvisitor.h */,
				D32C3C300D392F7D00F2ACAB /* clefvisitor.cpp */,
				D32C3C310D392F7D00F2ACAB /* clefvisitor.h */,
				D30A5DFE0CF64555001177C9 /* basevisitor.h */,
				D352520E0D11D90A00EDD72F /* clonevisitor.cpp */,
				D352520F0D11D90A00EDD72F /* clonevisitor.h */,
				D3CE9E780D183A5B001B7FB3 /* keyvisitor.cpp */,
				D3CE9E790D183A5B001B7FB3 /* keyvisitor.h */,
				D370B14E0D06087B003AC66F /* midicontextvisitor.cpp */,
				D30A5DFF0CF64555001177C9 /* midicontextvisitor.h */,
				D369BF8A0D092CF900EA1D48 /* notevisitor.cpp */,
				D369BF8B0D092CF900EA1D48 /* notevisitor.h */,
				D3CE9E7E0D183D45001B7FB3 /* timesignvisitor.cpp */,
				D3CE9E7F0D183D45001B7FB3 /* timesignvisitor.h */,
				D3CE9CC80D17D6D0001B7FB3 /* transposevisitor.cpp */,
				D3CE9CC90D17D6D0001B7FB3 /* transposevisitor.h */,
				D35252670D11E3D000EDD72F /* unrolled_clonevisitor.cpp */,
				D35252680D11E3D000EDD72F /* unrolled_clonevisitor.h */,
				D30A5E000CF64555001177C9 /* visitable.h */,
				D30A5E010CF64555001177C9 /* visitor.h */,
				D30A5E020CF64555001177C9 /* xmlvisitor.cpp */,
				D30A5E030CF64555001177C9 /* xmlvisitor.h */,
			);
			name = visitors;
			path = ../src/visitors;
			sourceTree = SOURCE_ROOT;
		};
		D370AFDD0D058C57003AC66F /* Applications */ = {
			isa = PBXGroup;
			children = (
				D369BFB90D0980F000EA1D48 /* countnotes.cpp */,
				D379DA6B0DBDF34F0052160C /* partsummary.cpp */,
				D3770B200DD1929300863081 /* RandomMusic.cpp */,
				D369C26B0D0C484B00EA1D48 /* readunrolled.cpp */,
				D33CF7AA0D320F69004D9064 /* transpose.cpp */,
				D370B00C0D059215003AC66F /* xml2guido.cpp */,
				D3CE9D2B0D180FB7001B7FB3 /* xml2midi.cpp */,
				D35252320D11DA8600EDD72F /* xmlclone.cpp */,
				D3A3F3A40D1ABF79008BF09E /* xmliter.cpp */,
				D30A5E4A0CF646CC001177C9 /* xmlread.cpp */,
			);
			name = Applications;
			sourceTree = "<group>";
		};
		D380A4FD0CFCC6FE00E5837C /* guido */ = {
			isa = PBXGroup;
			children = (
				D38E06AD0DC1EB7D00A6FB84 /* xmlpart2guido.cpp */,
				D38E06AE0DC1EB7D00A6FB84 /* xmlpart2guido.h */,
				D370AFE20D058D30003AC66F /* xml2guidovisitor.cpp */,
				D370AFE30D058D30003AC66F /* xml2guidovisitor.h */,
				D380A4FE0CFCC6FE00E5837C /* guido.cpp */,
				D380A4FF0CFCC6FE00E5837C /* guido.h */,
			);
			name = guido;
			path = ../src/guido;
			sourceTree = SOURCE_ROOT;
		};
		D3908EA00D192B6A00B69019 /* operations */ = {
			isa = PBXGroup;
			children = (
				D3908EA10D192B6A00B69019 /* transposition.cpp */,
				D3908EA20D192B6A00B69019 /* transposition.h */,
			);
			name = operations;
			path = ../src/operations;
			sourceTree = SOURCE_ROOT;
		};
		D3CFB2010F729098006C5D01 /* interface */ = {
			isa = PBXGroup;
			children = (
				D3CFB22F0F729368006C5D01 /* musicxml2guido.cpp */,
				D3CFB22D0F729338006C5D01 /* libmusicxml.cpp */,
			);
			name = interface;
			sourceTree = "<group>";
		};
/* End PBXGroup section */

/* Begin PBXHeadersBuildPhase section */
		8D07F2BD0486CC7A007CD1D0 /* Headers */ = {
			isa = PBXHeadersBuildPhase;
			buildActionMask = 2147483647;
			files = (
				D30A5E050CF64555001177C9 /* elements.h in Headers */,
				D30A5E070CF64555001177C9 /* exports.h in Headers */,
				D30A5E090CF64555001177C9 /* factory.h in Headers */,
				D30A5E120CF64555001177C9 /* typedefs.h in Headers */,
				D30A5E130CF64555001177C9 /* types.h in Headers */,
				D30A5E150CF64555001177C9 /* xml.h in Headers */,
				D30A5E180CF64555001177C9 /* xmlfile.h in Headers */,
				D30A5E1B0CF64555001177C9 /* xmlreader.h in Headers */,
				D30A5E1D0CF64555001177C9 /* functor.h in Headers */,
				D30A5E1E0CF64555001177C9 /* singleton.h in Headers */,
				D30A5E1F0CF64555001177C9 /* smartpointer.h in Headers */,
				D30A5E210CF64555001177C9 /* ctree.h in Headers */,
				D30A5E230CF64555001177C9 /* tree_browser.h in Headers */,
				D30A5E280CF64555001177C9 /* reader.h in Headers */,
				D30A5E310CF64555001177C9 /* basevisitor.h in Headers */,
				D30A5E320CF64555001177C9 /* midicontextvisitor.h in Headers */,
				D30A5E330CF64555001177C9 /* visitable.h in Headers */,
				D30A5E340CF64555001177C9 /* visitor.h in Headers */,
				D30A5E360CF64555001177C9 /* xmlvisitor.h in Headers */,
				D380A5020CFCC6FE00E5837C /* guido.h in Headers */,
				D370AFE50D058D30003AC66F /* xml2guidovisitor.h in Headers */,
				D369BF8D0D092CF900EA1D48 /* notevisitor.h in Headers */,
				D35252110D11D90A00EDD72F /* clonevisitor.h in Headers */,
				D352526A0D11E3D000EDD72F /* unrolled_clonevisitor.h in Headers */,
				D3CE9CCB0D17D6D0001B7FB3 /* transposevisitor.h in Headers */,
				D3CE9E7B0D183A5B001B7FB3 /* keyvisitor.h in Headers */,
				D3CE9E810D183D45001B7FB3 /* timesignvisitor.h in Headers */,
				D3908F390D196B5B00B69019 /* browser.h in Headers */,
				D3B819170D1BE36F002C4D6E /* xml_tree_browser.h in Headers */,
				D33CF81F0D324E0A004D9064 /* rational.h in Headers */,
				D32C3BCC0D3903DF00F2ACAB /* bimap.h in Headers */,
				D32C3BCE0D3903DF00F2ACAB /* conversions.h in Headers */,
				D32C3C330D392F7D00F2ACAB /* clefvisitor.h in Headers */,
				D32C3C530D394C9F00F2ACAB /* keysignvisitor.h in Headers */,
				D3912E950D3EB20B00661C02 /* metronomevisitor.h in Headers */,
				D379DA4F0DBDEE6C0052160C /* partsummary.h in Headers */,
				D38E06B00DC1EB7E00A6FB84 /* xmlpart2guido.h in Headers */,
				D3BC5B6E0E920A7200033FAD /* versions.h in Headers */,
			);
			runOnlyForDeploymentPostprocessing = 0;
		};
/* End PBXHeadersBuildPhase section */

/* Begin PBXNativeTarget section */
		8D07F2BC0486CC7A007CD1D0 /* libmusicxml2 */ = {
			isa = PBXNativeTarget;
			buildConfigurationList = 4FADC24208B4156D00ABE55E /* Build configuration list for PBXNativeTarget "libmusicxml2" */;
			buildPhases = (
				8D07F2BD0486CC7A007CD1D0 /* Headers */,
				8D07F2BF0486CC7A007CD1D0 /* Resources */,
				8D07F2C10486CC7A007CD1D0 /* Sources */,
				8D07F2C30486CC7A007CD1D0 /* Frameworks */,
				8D07F2C50486CC7A007CD1D0 /* Rez */,
			);
			buildRules = (
			);
			dependencies = (
			);
			name = libmusicxml2;
			productInstallPath = "$(HOME)/Library/Frameworks";
			productName = libmusicxml2;
			productReference = 8D07F2C80486CC7A007CD1D0 /* libmusicxml2.framework */;
			productType = "com.apple.product-type.framework";
		};
		D30A5E450CF646A4001177C9 /* xmlread */ = {
			isa = PBXNativeTarget;
			buildConfigurationList = D30A5E4C0CF646CC001177C9 /* Build configuration list for PBXNativeTarget "xmlread" */;
			buildPhases = (
				D30A5E430CF646A4001177C9 /* Sources */,
				D30A5E440CF646A4001177C9 /* Frameworks */,
			);
			buildRules = (
			);
			dependencies = (
			);
			name = xmlread;
			productName = xmlread;
			productReference = D30A5E460CF646A4001177C9 /* xmlread */;
			productType = "com.apple.product-type.tool";
		};
		D33CF7A30D320F3C004D9064 /* transpose */ = {
			isa = PBXNativeTarget;
			buildConfigurationList = D33CF7AC0D320F6A004D9064 /* Build configuration list for PBXNativeTarget "transpose" */;
			buildPhases = (
				D33CF7A10D320F3C004D9064 /* Sources */,
				D33CF7A20D320F3C004D9064 /* Frameworks */,
			);
			buildRules = (
			);
			dependencies = (
			);
			name = transpose;
			productName = transpose;
			productReference = D33CF7A40D320F3C004D9064 /* transpose */;
			productType = "com.apple.product-type.tool";
		};
		D342AAFB0DE1847A0027DC6F /* countnotes */ = {
			isa = PBXNativeTarget;
			buildConfigurationList = D342AB090DE184AE0027DC6F /* Build configuration list for PBXNativeTarget "countnotes" */;
			buildPhases = (
				D342AAF90DE1847A0027DC6F /* Sources */,
				D342AAFA0DE1847A0027DC6F /* Frameworks */,
			);
			buildRules = (
			);
			dependencies = (
			);
			name = countnotes;
			productName = countnotes;
			productReference = D342AAFC0DE1847A0027DC6F /* countnotes */;
			productType = "com.apple.product-type.tool";
		};
		D352522D0D11DA6100EDD72F /* xmlclone */ = {
			isa = PBXNativeTarget;
			buildConfigurationList = D35252340D11DA8600EDD72F /* Build configuration list for PBXNativeTarget "xmlclone" */;
			buildPhases = (
				D352522B0D11DA6100EDD72F /* Sources */,
				D352522C0D11DA6100EDD72F /* Frameworks */,
			);
			buildRules = (
			);
			dependencies = (
			);
			name = xmlclone;
			productName = xmlclone;
			productReference = D352522E0D11DA6100EDD72F /* xmlclone */;
			productType = "com.apple.product-type.tool";
		};
		D369C26E0D0C485800EA1D48 /* readunrolled */ = {
			isa = PBXNativeTarget;
			buildConfigurationList = D369C27C0D0C487700EA1D48 /* Build configuration list for PBXNativeTarget "readunrolled" */;
			buildPhases = (
				D369C26C0D0C485800EA1D48 /* Sources */,
				D369C26D0D0C485800EA1D48 /* Frameworks */,
			);
			buildRules = (
			);
			dependencies = (
			);
			name = readunrolled;
			productName = readunrolled;
			productReference = D369C26F0D0C485800EA1D48 /* readunrolled */;
			productType = "com.apple.product-type.tool";
		};
		D370B0030D0591BA003AC66F /* xml2guido */ = {
			isa = PBXNativeTarget;
			buildConfigurationList = D370B00B0D059212003AC66F /* Build configuration list for PBXNativeTarget "xml2guido" */;
			buildPhases = (
				D370B0010D0591BA003AC66F /* Sources */,
				D370B0020D0591BA003AC66F /* Frameworks */,
			);
			buildRules = (
			);
			dependencies = (
			);
			name = xml2guido;
			productName = musicxml2guido;
			productReference = D370B0040D0591BA003AC66F /* xml2guido */;
			productType = "com.apple.product-type.tool";
		};
		D3770B1A0DD1926500863081 /* randomMusic */ = {
			isa = PBXNativeTarget;
			buildConfigurationList = D3770B1F0DD1928700863081 /* Build configuration list for PBXNativeTarget "randomMusic" */;
			buildPhases = (
				D3770B180DD1926500863081 /* Sources */,
				D3770B190DD1926500863081 /* Frameworks */,
			);
			buildRules = (
			);
			dependencies = (
			);
			name = randomMusic;
			productName = randomMusic;
			productReference = D3770B1B0DD1926500863081 /* randomMusic */;
			productType = "com.apple.product-type.tool";
		};
		D379DA610DBDF2F20052160C /* partsummary */ = {
			isa = PBXNativeTarget;
			buildConfigurationList = D379DA660DBDF2F20052160C /* Build configuration list for PBXNativeTarget "partsummary" */;
			buildPhases = (
				D379DA620DBDF2F20052160C /* Sources */,
				D379DA640DBDF2F20052160C /* Frameworks */,
			);
			buildRules = (
			);
			dependencies = (
			);
			name = partsummary;
			productName = notesread;
			productReference = D379DA690DBDF2F20052160C /* partsummary */;
			productType = "com.apple.product-type.tool";
		};
		D3A3F39B0D1ABF52008BF09E /* xmliter */ = {
			isa = PBXNativeTarget;
			buildConfigurationList = D3A3F3A60D1ABF79008BF09E /* Build configuration list for PBXNativeTarget "xmliter" */;
			buildPhases = (
				D3A3F3990D1ABF52008BF09E /* Sources */,
				D3A3F39A0D1ABF52008BF09E /* Frameworks */,
			);
			buildRules = (
			);
			dependencies = (
			);
			name = xmliter;
			productName = xmliter;
			productReference = D3A3F39C0D1ABF52008BF09E /* xmliter */;
			productType = "com.apple.product-type.tool";
		};
		D3CE9D250D180F93001B7FB3 /* xml2midi */ = {
			isa = PBXNativeTarget;
			buildConfigurationList = D3CE9D2D0D180FB7001B7FB3 /* Build configuration list for PBXNativeTarget "xml2midi" */;
			buildPhases = (
				D3CE9D230D180F93001B7FB3 /* Sources */,
				D3CE9D240D180F93001B7FB3 /* Frameworks */,
			);
			buildRules = (
			);
			dependencies = (
			);
			name = xml2midi;
			productName = xml2midi;
			productReference = D3CE9D260D180F93001B7FB3 /* xml2midi */;
			productType = "com.apple.product-type.tool";
		};
/* End PBXNativeTarget section */

/* Begin PBXProject section */
		0867D690FE84028FC02AAC07 /* Project object */ = {
			isa = PBXProject;
			buildConfigurationList = 4FADC24608B4156D00ABE55E /* Build configuration list for PBXProject "libmusicxml2" */;
			compatibilityVersion = "Xcode 3.0";
			hasScannedForEncodings = 1;
			mainGroup = 0867D691FE84028FC02AAC07 /* libmusicxml2 */;
			productRefGroup = 034768DDFF38A45A11DB9C8B /* Products */;
			projectDirPath = "";
			projectRoot = ../..;
			targets = (
				8D07F2BC0486CC7A007CD1D0 /* libmusicxml2 */,
				D30A5E530CF64778001177C9 /* All */,
				D30A5E450CF646A4001177C9 /* xmlread */,
				D370B0030D0591BA003AC66F /* xml2guido */,
				D369C26E0D0C485800EA1D48 /* readunrolled */,
				D352522D0D11DA6100EDD72F /* xmlclone */,
				D3CE9D250D180F93001B7FB3 /* xml2midi */,
				D3A3F39B0D1ABF52008BF09E /* xmliter */,
				D33CF7A30D320F3C004D9064 /* transpose */,
				D379DA610DBDF2F20052160C /* partsummary */,
				D3770B1A0DD1926500863081 /* randomMusic */,
				D342AAFB0DE1847A0027DC6F /* countnotes */,
			);
		};
/* End PBXProject section */

/* Begin PBXResourcesBuildPhase section */
		8D07F2BF0486CC7A007CD1D0 /* Resources */ = {
			isa = PBXResourcesBuildPhase;
			buildActionMask = 2147483647;
			files = (
				8D07F2C00486CC7A007CD1D0 /* InfoPlist.strings in Resources */,
			);
			runOnlyForDeploymentPostprocessing = 0;
		};
/* End PBXResourcesBuildPhase section */

/* Begin PBXRezBuildPhase section */
		8D07F2C50486CC7A007CD1D0 /* Rez */ = {
			isa = PBXRezBuildPhase;
			buildActionMask = 2147483647;
			files = (
			);
			runOnlyForDeploymentPostprocessing = 0;
		};
/* End PBXRezBuildPhase section */

/* Begin PBXSourcesBuildPhase section */
		8D07F2C10486CC7A007CD1D0 /* Sources */ = {
			isa = PBXSourcesBuildPhase;
			buildActionMask = 2147483647;
			files = (
				D30A5E080CF64555001177C9 /* factory.cpp in Sources */,
				D30A5E140CF64555001177C9 /* xml.cpp in Sources */,
				D30A5E170CF64555001177C9 /* xmlfile.cpp in Sources */,
				D30A5E1A0CF64555001177C9 /* xmlreader.cpp in Sources */,
				D30A5E2E0CF64555001177C9 /* xmlparse.cpp in Sources */,
				D30A5E350CF64555001177C9 /* xmlvisitor.cpp in Sources */,
				D380A5010CFCC6FE00E5837C /* guido.cpp in Sources */,
				D370AFE40D058D30003AC66F /* xml2guidovisitor.cpp in Sources */,
				D369BF8C0D092CF900EA1D48 /* notevisitor.cpp in Sources */,
				D369C0EE0D09C0C300EA1D48 /* midicontextvisitor.cpp in Sources */,
				D35252100D11D90A00EDD72F /* clonevisitor.cpp in Sources */,
				D35252690D11E3D000EDD72F /* unrolled_clonevisitor.cpp in Sources */,
				D3CE9CCA0D17D6D0001B7FB3 /* transposevisitor.cpp in Sources */,
				D3CE9E7A0D183A5B001B7FB3 /* keyvisitor.cpp in Sources */,
				D3CE9E800D183D45001B7FB3 /* timesignvisitor.cpp in Sources */,
				D3B819160D1BE36F002C4D6E /* xml_tree_browser.cpp in Sources */,
				D3B819280D1BE460002C4D6E /* unrolled_xml_tree_browser.cpp in Sources */,
				D3B81A860D1C29B9002C4D6E /* transposition.cpp in Sources */,
				D33CF81E0D324E0A004D9064 /* rational.cpp in Sources */,
				D32C3BCD0D3903DF00F2ACAB /* conversions.cpp in Sources */,
				D32C3C320D392F7D00F2ACAB /* clefvisitor.cpp in Sources */,
				D32C3C520D394C9F00F2ACAB /* keysignvisitor.cpp in Sources */,
				D3912E940D3EB20B00661C02 /* metronomevisitor.cpp in Sources */,
				D379DA4E0DBDEE6C0052160C /* partsummary.cpp in Sources */,
				D38E06AF0DC1EB7E00A6FB84 /* xmlpart2guido.cpp in Sources */,
				D3BC5B6D0E920A7200033FAD /* versions.cpp in Sources */,
				D3CFB22E0F729338006C5D01 /* libmusicxml.cpp in Sources */,
				D3CFB2300F729368006C5D01 /* musicxml2guido.cpp in Sources */,
			);
			runOnlyForDeploymentPostprocessing = 0;
		};
		D30A5E430CF646A4001177C9 /* Sources */ = {
			isa = PBXSourcesBuildPhase;
			buildActionMask = 2147483647;
			files = (
				D30A5E4B0CF646CC001177C9 /* xmlread.cpp in Sources */,
			);
			runOnlyForDeploymentPostprocessing = 0;
		};
		D33CF7A10D320F3C004D9064 /* Sources */ = {
			isa = PBXSourcesBuildPhase;
			buildActionMask = 2147483647;
			files = (
				D33CF7AB0D320F69004D9064 /* transpose.cpp in Sources */,
			);
			runOnlyForDeploymentPostprocessing = 0;
		};
		D342AAF90DE1847A0027DC6F /* Sources */ = {
			isa = PBXSourcesBuildPhase;
			buildActionMask = 2147483647;
			files = (
				D342AB000DE1848F0027DC6F /* countnotes.cpp in Sources */,
			);
			runOnlyForDeploymentPostprocessing = 0;
		};
		D352522B0D11DA6100EDD72F /* Sources */ = {
			isa = PBXSourcesBuildPhase;
			buildActionMask = 2147483647;
			files = (
				D35252330D11DA8600EDD72F /* xmlclone.cpp in Sources */,
			);
			runOnlyForDeploymentPostprocessing = 0;
		};
		D369C26C0D0C485800EA1D48 /* Sources */ = {
			isa = PBXSourcesBuildPhase;
			buildActionMask = 2147483647;
			files = (
				D369C2740D0C486E00EA1D48 /* readunrolled.cpp in Sources */,
			);
			runOnlyForDeploymentPostprocessing = 0;
		};
		D370B0010D0591BA003AC66F /* Sources */ = {
			isa = PBXSourcesBuildPhase;
			buildActionMask = 2147483647;
			files = (
				D370B00D0D059215003AC66F /* xml2guido.cpp in Sources */,
			);
			runOnlyForDeploymentPostprocessing = 0;
		};
		D3770B180DD1926500863081 /* Sources */ = {
			isa = PBXSourcesBuildPhase;
			buildActionMask = 2147483647;
			files = (
				D3770B210DD1929300863081 /* RandomMusic.cpp in Sources */,
			);
			runOnlyForDeploymentPostprocessing = 0;
		};
		D379DA620DBDF2F20052160C /* Sources */ = {
			isa = PBXSourcesBuildPhase;
			buildActionMask = 2147483647;
			files = (
				D379DA6C0DBDF34F0052160C /* partsummary.cpp in Sources */,
			);
			runOnlyForDeploymentPostprocessing = 0;
		};
		D3A3F3990D1ABF52008BF09E /* Sources */ = {
			isa = PBXSourcesBuildPhase;
			buildActionMask = 2147483647;
			files = (
				D3A3F3A50D1ABF79008BF09E /* xmliter.cpp in Sources */,
			);
			runOnlyForDeploymentPostprocessing = 0;
		};
		D3CE9D230D180F93001B7FB3 /* Sources */ = {
			isa = PBXSourcesBuildPhase;
			buildActionMask = 2147483647;
			files = (
				D3CE9D2C0D180FB7001B7FB3 /* xml2midi.cpp in Sources */,
			);
			runOnlyForDeploymentPostprocessing = 0;
		};
/* End PBXSourcesBuildPhase section */

/* Begin PBXTargetDependency section */
		D30A5E570CF64782001177C9 /* PBXTargetDependency */ = {
			isa = PBXTargetDependency;
			target = 8D07F2BC0486CC7A007CD1D0 /* libmusicxml2 */;
			targetProxy = D30A5E560CF64782001177C9 /* PBXContainerItemProxy */;
		};
		D30A5E590CF64785001177C9 /* PBXTargetDependency */ = {
			isa = PBXTargetDependency;
			target = D30A5E450CF646A4001177C9 /* xmlread */;
			targetProxy = D30A5E580CF64785001177C9 /* PBXContainerItemProxy */;
		};
		D342AB030DE184A40027DC6F /* PBXTargetDependency */ = {
			isa = PBXTargetDependency;
			target = D342AAFB0DE1847A0027DC6F /* countnotes */;
			targetProxy = D342AB020DE184A40027DC6F /* PBXContainerItemProxy */;
		};
		D35252370D11DA9B00EDD72F /* PBXTargetDependency */ = {
			isa = PBXTargetDependency;
			target = D352522D0D11DA6100EDD72F /* xmlclone */;
			targetProxy = D35252360D11DA9B00EDD72F /* PBXContainerItemProxy */;
		};
		D369C2890D0C490700EA1D48 /* PBXTargetDependency */ = {
			isa = PBXTargetDependency;
			target = D369C26E0D0C485800EA1D48 /* readunrolled */;
			targetProxy = D369C2880D0C490700EA1D48 /* PBXContainerItemProxy */;
		};
		D370B00A0D0591F4003AC66F /* PBXTargetDependency */ = {
			isa = PBXTargetDependency;
			target = D370B0030D0591BA003AC66F /* xml2guido */;
			targetProxy = D370B0090D0591F4003AC66F /* PBXContainerItemProxy */;
		};
		D3770B230DD192A300863081 /* PBXTargetDependency */ = {
			isa = PBXTargetDependency;
			target = D3770B1A0DD1926500863081 /* randomMusic */;
			targetProxy = D3770B220DD192A300863081 /* PBXContainerItemProxy */;
		};
		D379DA720DBDF3CC0052160C /* PBXTargetDependency */ = {
			isa = PBXTargetDependency;
			target = D379DA610DBDF2F20052160C /* partsummary */;
			targetProxy = D379DA710DBDF3CC0052160C /* PBXContainerItemProxy */;
		};
		D3A306E10D9ECF350096F364 /* PBXTargetDependency */ = {
			isa = PBXTargetDependency;
			target = D33CF7A30D320F3C004D9064 /* transpose */;
			targetProxy = D3A306E00D9ECF350096F364 /* PBXContainerItemProxy */;
		};
		D3A3F3A10D1ABF59008BF09E /* PBXTargetDependency */ = {
			isa = PBXTargetDependency;
			target = D3A3F39B0D1ABF52008BF09E /* xmliter */;
			targetProxy = D3A3F3A00D1ABF59008BF09E /* PBXContainerItemProxy */;
		};
		D3CE9D2F0D180FBD001B7FB3 /* PBXTargetDependency */ = {
			isa = PBXTargetDependency;
			target = D3CE9D250D180F93001B7FB3 /* xml2midi */;
			targetProxy = D3CE9D2E0D180FBD001B7FB3 /* PBXContainerItemProxy */;
		};
/* End PBXTargetDependency section */

/* Begin PBXVariantGroup section */
		089C1666FE841158C02AAC07 /* InfoPlist.strings */ = {
			isa = PBXVariantGroup;
			children = (
				089C1667FE841158C02AAC07 /* English */,
			);
			name = InfoPlist.strings;
			sourceTree = "<group>";
		};
/* End PBXVariantGroup section */

/* Begin XCBuildConfiguration section */
		4FADC24308B4156D00ABE55E /* Debug */ = {
			isa = XCBuildConfiguration;
			buildSettings = {
				COPY_PHASE_STRIP = NO;
				DYLIB_COMPATIBILITY_VERSION = 1;
				DYLIB_CURRENT_VERSION = 1;
				FRAMEWORK_VERSION = A;
				GCC_DYNAMIC_NO_PIC = NO;
				GCC_ENABLE_FIX_AND_CONTINUE = YES;
				GCC_MODEL_TUNING = G5;
				GCC_OPTIMIZATION_LEVEL = 0;
				GCC_PRECOMPILE_PREFIX_HEADER = YES;
				GCC_PREFIX_HEADER = "";
				HEADER_SEARCH_PATHS = "../**";
				INFOPLIST_FILE = Info.plist;
				INSTALL_PATH = "$(HOME)/Library/Frameworks";
				LIBRARY_SEARCH_PATHS = (
					"$(inherited)",
					"\"$(SRCROOT)/../src\"",
				);
				LIBRARY_STYLE = DYNAMIC;
				MACH_O_TYPE = mh_dylib;
				PRODUCT_NAME = libmusicxml2;
				WRAPPER_EXTENSION = framework;
				ZERO_LINK = YES;
			};
			name = Debug;
		};
		4FADC24408B4156D00ABE55E /* Release */ = {
			isa = XCBuildConfiguration;
			buildSettings = {
				ARCHS = (
					ppc,
					i386,
				);
				DEBUG_INFORMATION_FORMAT = "dwarf-with-dsym";
				DYLIB_COMPATIBILITY_VERSION = 1;
				DYLIB_CURRENT_VERSION = 1;
				FRAMEWORK_VERSION = A;
				GCC_MODEL_TUNING = G5;
				GCC_PRECOMPILE_PREFIX_HEADER = YES;
				GCC_PREFIX_HEADER = "";
				HEADER_SEARCH_PATHS = "../**";
				INFOPLIST_FILE = Info.plist;
				INSTALL_PATH = "$(HOME)/Library/Frameworks";
				LIBRARY_SEARCH_PATHS = (
					"$(inherited)",
					"\"$(SRCROOT)/../src\"",
				);
				LIBRARY_STYLE = DYNAMIC;
				MACH_O_TYPE = mh_dylib;
				PRODUCT_NAME = libmusicxml2;
				WRAPPER_EXTENSION = framework;
			};
			name = Release;
		};
		4FADC24708B4156D00ABE55E /* Debug */ = {
			isa = XCBuildConfiguration;
			buildSettings = {
				GCC_WARN_ABOUT_MISSING_NEWLINE = YES;
				GCC_WARN_ABOUT_RETURN_TYPE = YES;
				GCC_WARN_ALLOW_INCOMPLETE_PROTOCOL = NO;
				GCC_WARN_NON_VIRTUAL_DESTRUCTOR = YES;
				GCC_WARN_SHADOW = NO;
				GCC_WARN_UNINITIALIZED_AUTOS = NO;
				GCC_WARN_UNUSED_VARIABLE = YES;
				HEADER_SEARCH_PATHS = "../**";
				PREBINDING = NO;
				SDKROOT = "$(DEVELOPER_SDK_DIR)/MacOSX10.5.sdk";
			};
			name = Debug;
		};
		4FADC24808B4156D00ABE55E /* Release */ = {
			isa = XCBuildConfiguration;
			buildSettings = {
				GCC_WARN_ABOUT_MISSING_NEWLINE = YES;
				GCC_WARN_ABOUT_RETURN_TYPE = YES;
				GCC_WARN_ALLOW_INCOMPLETE_PROTOCOL = NO;
				GCC_WARN_NON_VIRTUAL_DESTRUCTOR = YES;
				GCC_WARN_SHADOW = NO;
				GCC_WARN_UNINITIALIZED_AUTOS = NO;
				GCC_WARN_UNUSED_VARIABLE = YES;
				HEADER_SEARCH_PATHS = "../**";
				PREBINDING = NO;
				SDKROOT = "$(DEVELOPER_SDK_DIR)/MacOSX10.5.sdk";
			};
			name = Release;
		};
		D30A5E480CF646A4001177C9 /* Debug */ = {
			isa = XCBuildConfiguration;
			buildSettings = {
				COPY_PHASE_STRIP = NO;
				FRAMEWORK_SEARCH_PATHS = (
					"$(inherited)",
					"\"$(SRCROOT)/build/Release\"",
				);
				GCC_DYNAMIC_NO_PIC = NO;
				GCC_ENABLE_FIX_AND_CONTINUE = YES;
				GCC_MODEL_TUNING = G5;
				GCC_OPTIMIZATION_LEVEL = 0;
				GCC_PRECOMPILE_PREFIX_HEADER = YES;
				GCC_PREFIX_HEADER = "";
				INSTALL_PATH = /usr/local/bin;
				OTHER_LDFLAGS = "";
				PREBINDING = NO;
				PRODUCT_NAME = xmlread;
				ZERO_LINK = YES;
			};
			name = Debug;
		};
		D30A5E490CF646A4001177C9 /* Release */ = {
			isa = XCBuildConfiguration;
			buildSettings = {
				COPY_PHASE_STRIP = YES;
				DEBUG_INFORMATION_FORMAT = "dwarf-with-dsym";
				FRAMEWORK_SEARCH_PATHS = (
					"$(inherited)",
					"\"$(SRCROOT)/build/Release\"",
				);
				GCC_ENABLE_FIX_AND_CONTINUE = NO;
				GCC_MODEL_TUNING = G5;
				GCC_PRECOMPILE_PREFIX_HEADER = YES;
				GCC_PREFIX_HEADER = "";
				INSTALL_PATH = /usr/local/bin;
				OTHER_LDFLAGS = "";
				PREBINDING = NO;
				PRODUCT_NAME = xmlread;
				ZERO_LINK = NO;
			};
			name = Release;
		};
		D30A5E540CF64778001177C9 /* Debug */ = {
			isa = XCBuildConfiguration;
			buildSettings = {
				COPY_PHASE_STRIP = NO;
				GCC_DYNAMIC_NO_PIC = NO;
				GCC_OPTIMIZATION_LEVEL = 0;
				PRODUCT_NAME = All;
			};
			name = Debug;
		};
		D30A5E550CF64778001177C9 /* Release */ = {
			isa = XCBuildConfiguration;
			buildSettings = {
				COPY_PHASE_STRIP = YES;
				DEBUG_INFORMATION_FORMAT = "dwarf-with-dsym";
				GCC_ENABLE_FIX_AND_CONTINUE = NO;
				PRODUCT_NAME = All;
				ZERO_LINK = NO;
			};
			name = Release;
		};
		D33CF7A60D320F3D004D9064 /* Debug */ = {
			isa = XCBuildConfiguration;
			buildSettings = {
				COPY_PHASE_STRIP = NO;
				FRAMEWORK_SEARCH_PATHS = (
					"$(inherited)",
					"\"$(SRCROOT)/build/Release\"",
				);
				GCC_DYNAMIC_NO_PIC = NO;
				GCC_ENABLE_FIX_AND_CONTINUE = YES;
				GCC_MODEL_TUNING = G5;
				GCC_OPTIMIZATION_LEVEL = 0;
				INSTALL_PATH = /usr/local/bin;
				PREBINDING = NO;
				PRODUCT_NAME = transpose;
				ZERO_LINK = YES;
			};
			name = Debug;
		};
		D33CF7A70D320F3D004D9064 /* Release */ = {
			isa = XCBuildConfiguration;
			buildSettings = {
				COPY_PHASE_STRIP = YES;
				DEBUG_INFORMATION_FORMAT = "dwarf-with-dsym";
				FRAMEWORK_SEARCH_PATHS = (
					"$(inherited)",
					"\"$(SRCROOT)/build/Release\"",
				);
				GCC_ENABLE_FIX_AND_CONTINUE = NO;
				GCC_MODEL_TUNING = G5;
				INSTALL_PATH = /usr/local/bin;
				PREBINDING = NO;
				PRODUCT_NAME = transpose;
				ZERO_LINK = NO;
			};
			name = Release;
		};
		D342AAFE0DE1847A0027DC6F /* Debug */ = {
			isa = XCBuildConfiguration;
			buildSettings = {
				COPY_PHASE_STRIP = NO;
				FRAMEWORK_SEARCH_PATHS = (
					"$(inherited)",
					"\"$(SRCROOT)/build/Debug\"",
				);
				GCC_DYNAMIC_NO_PIC = NO;
				GCC_ENABLE_FIX_AND_CONTINUE = YES;
				GCC_MODEL_TUNING = G5;
				GCC_OPTIMIZATION_LEVEL = 0;
				INSTALL_PATH = /usr/local/bin;
				PREBINDING = NO;
				PRODUCT_NAME = countnotes;
				ZERO_LINK = YES;
			};
			name = Debug;
		};
		D342AAFF0DE1847A0027DC6F /* Release */ = {
			isa = XCBuildConfiguration;
			buildSettings = {
				COPY_PHASE_STRIP = YES;
				DEBUG_INFORMATION_FORMAT = "dwarf-with-dsym";
				FRAMEWORK_SEARCH_PATHS = (
					"$(inherited)",
					"\"$(SRCROOT)/build/Debug\"",
				);
				GCC_ENABLE_FIX_AND_CONTINUE = NO;
				GCC_MODEL_TUNING = G5;
				INSTALL_PATH = /usr/local/bin;
				PREBINDING = NO;
				PRODUCT_NAME = countnotes;
				ZERO_LINK = NO;
			};
			name = Release;
		};
		D35252300D11DA6200EDD72F /* Debug */ = {
			isa = XCBuildConfiguration;
			buildSettings = {
				COPY_PHASE_STRIP = NO;
				FRAMEWORK_SEARCH_PATHS = (
					"$(inherited)",
					"\"$(SRCROOT)/build/Release\"",
				);
				GCC_DYNAMIC_NO_PIC = NO;
				GCC_ENABLE_FIX_AND_CONTINUE = YES;
				GCC_MODEL_TUNING = G5;
				GCC_OPTIMIZATION_LEVEL = 0;
				INSTALL_PATH = /usr/local/bin;
				PREBINDING = NO;
				PRODUCT_NAME = xmlclone;
				ZERO_LINK = YES;
			};
			name = Debug;
		};
		D35252310D11DA6200EDD72F /* Release */ = {
			isa = XCBuildConfiguration;
			buildSettings = {
				COPY_PHASE_STRIP = YES;
				DEBUG_INFORMATION_FORMAT = "dwarf-with-dsym";
				FRAMEWORK_SEARCH_PATHS = (
					"$(inherited)",
					"\"$(SRCROOT)/build/Release\"",
				);
				GCC_ENABLE_FIX_AND_CONTINUE = NO;
				GCC_MODEL_TUNING = G5;
				INSTALL_PATH = /usr/local/bin;
				PREBINDING = NO;
				PRODUCT_NAME = xmlclone;
				ZERO_LINK = NO;
			};
			name = Release;
		};
		D369C2710D0C485900EA1D48 /* Debug */ = {
			isa = XCBuildConfiguration;
			buildSettings = {
				COPY_PHASE_STRIP = NO;
				FRAMEWORK_SEARCH_PATHS = (
					"$(inherited)",
					"\"$(SRCROOT)/build/Release\"",
				);
				GCC_DYNAMIC_NO_PIC = NO;
				GCC_ENABLE_FIX_AND_CONTINUE = YES;
				GCC_MODEL_TUNING = G5;
				GCC_OPTIMIZATION_LEVEL = 0;
				INSTALL_PATH = /usr/local/bin;
				PREBINDING = NO;
				PRODUCT_NAME = readunrolled;
				ZERO_LINK = YES;
			};
			name = Debug;
		};
		D369C2720D0C485900EA1D48 /* Release */ = {
			isa = XCBuildConfiguration;
			buildSettings = {
				COPY_PHASE_STRIP = YES;
				DEBUG_INFORMATION_FORMAT = "dwarf-with-dsym";
				FRAMEWORK_SEARCH_PATHS = (
					"$(inherited)",
					"\"$(SRCROOT)/build/Release\"",
				);
				GCC_ENABLE_FIX_AND_CONTINUE = NO;
				GCC_MODEL_TUNING = G5;
				INSTALL_PATH = /usr/local/bin;
				PREBINDING = NO;
				PRODUCT_NAME = readunrolled;
				ZERO_LINK = NO;
			};
			name = Release;
		};
		D370B0060D0591BB003AC66F /* Debug */ = {
			isa = XCBuildConfiguration;
			buildSettings = {
				COPY_PHASE_STRIP = NO;
				FRAMEWORK_SEARCH_PATHS = (
					"$(inherited)",
					"\"$(SRCROOT)/build/Release\"",
				);
				GCC_DYNAMIC_NO_PIC = NO;
				GCC_ENABLE_FIX_AND_CONTINUE = YES;
				GCC_MODEL_TUNING = G5;
				GCC_OPTIMIZATION_LEVEL = 0;
				INSTALL_PATH = /usr/local/bin;
				PREBINDING = NO;
				PRODUCT_NAME = xml2guido;
				ZERO_LINK = YES;
			};
			name = Debug;
		};
		D370B0070D0591BB003AC66F /* Release */ = {
			isa = XCBuildConfiguration;
			buildSettings = {
				COPY_PHASE_STRIP = YES;
				DEBUG_INFORMATION_FORMAT = "dwarf-with-dsym";
				FRAMEWORK_SEARCH_PATHS = (
					"$(inherited)",
					"\"$(SRCROOT)/build/Release\"",
				);
				GCC_ENABLE_FIX_AND_CONTINUE = NO;
				GCC_MODEL_TUNING = G5;
				INSTALL_PATH = /usr/local/bin;
				PREBINDING = NO;
				PRODUCT_NAME = xml2guido;
				ZERO_LINK = NO;
			};
			name = Release;
		};
		D3770B1D0DD1926500863081 /* Debug */ = {
			isa = XCBuildConfiguration;
			buildSettings = {
				COPY_PHASE_STRIP = NO;
				FRAMEWORK_SEARCH_PATHS = (
					"$(inherited)",
					"\"$(SRCROOT)/build/Debug\"",
				);
				GCC_DYNAMIC_NO_PIC = NO;
				GCC_ENABLE_FIX_AND_CONTINUE = YES;
				GCC_MODEL_TUNING = G5;
				GCC_OPTIMIZATION_LEVEL = 0;
				INSTALL_PATH = /usr/local/bin;
				PREBINDING = NO;
				PRODUCT_NAME = randomMusic;
				ZERO_LINK = YES;
			};
			name = Debug;
		};
		D3770B1E0DD1926500863081 /* Release */ = {
			isa = XCBuildConfiguration;
			buildSettings = {
				COPY_PHASE_STRIP = YES;
				DEBUG_INFORMATION_FORMAT = "dwarf-with-dsym";
				FRAMEWORK_SEARCH_PATHS = (
					"$(inherited)",
					"\"$(SRCROOT)/build/Debug\"",
				);
				GCC_ENABLE_FIX_AND_CONTINUE = NO;
				GCC_MODEL_TUNING = G5;
				INSTALL_PATH = /usr/local/bin;
				PREBINDING = NO;
				PRODUCT_NAME = randomMusic;
				ZERO_LINK = NO;
			};
			name = Release;
		};
		D379DA670DBDF2F20052160C /* Debug */ = {
			isa = XCBuildConfiguration;
			buildSettings = {
				COPY_PHASE_STRIP = NO;
				FRAMEWORK_SEARCH_PATHS = (
					"$(inherited)",
					"\\\"$(SRCROOT)/build/Release\\\"",
				);
				GCC_DYNAMIC_NO_PIC = NO;
				GCC_ENABLE_FIX_AND_CONTINUE = YES;
				GCC_MODEL_TUNING = G5;
				GCC_OPTIMIZATION_LEVEL = 0;
				INSTALL_PATH = /usr/local/bin;
				PREBINDING = NO;
				PRODUCT_NAME = partsummary;
				ZERO_LINK = YES;
			};
			name = Debug;
		};
		D379DA680DBDF2F20052160C /* Release */ = {
			isa = XCBuildConfiguration;
			buildSettings = {
				COPY_PHASE_STRIP = YES;
				DEBUG_INFORMATION_FORMAT = "dwarf-with-dsym";
				FRAMEWORK_SEARCH_PATHS = (
					"$(inherited)",
					"\\\"$(SRCROOT)/build/Release\\\"",
				);
				GCC_ENABLE_FIX_AND_CONTINUE = NO;
				GCC_MODEL_TUNING = G5;
				INSTALL_PATH = /usr/local/bin;
				PREBINDING = NO;
				PRODUCT_NAME = partsummary;
				ZERO_LINK = NO;
			};
			name = Release;
		};
		D3A3F39E0D1ABF53008BF09E /* Debug */ = {
			isa = XCBuildConfiguration;
			buildSettings = {
				COPY_PHASE_STRIP = NO;
				FRAMEWORK_SEARCH_PATHS = (
					"$(inherited)",
					"\"$(SRCROOT)/build/Release\"",
				);
				GCC_DYNAMIC_NO_PIC = NO;
				GCC_ENABLE_FIX_AND_CONTINUE = YES;
				GCC_MODEL_TUNING = G5;
				GCC_OPTIMIZATION_LEVEL = 0;
				INSTALL_PATH = /usr/local/bin;
				PREBINDING = NO;
				PRODUCT_NAME = xmliter;
				ZERO_LINK = YES;
			};
			name = Debug;
		};
		D3A3F39F0D1ABF53008BF09E /* Release */ = {
			isa = XCBuildConfiguration;
			buildSettings = {
				COPY_PHASE_STRIP = YES;
				DEBUG_INFORMATION_FORMAT = "dwarf-with-dsym";
				FRAMEWORK_SEARCH_PATHS = (
					"$(inherited)",
					"\"$(SRCROOT)/build/Release\"",
				);
				GCC_ENABLE_FIX_AND_CONTINUE = NO;
				GCC_MODEL_TUNING = G5;
				INSTALL_PATH = /usr/local/bin;
				PREBINDING = NO;
				PRODUCT_NAME = xmliter;
				ZERO_LINK = NO;
			};
			name = Release;
		};
		D3CE9D280D180F94001B7FB3 /* Debug */ = {
			isa = XCBuildConfiguration;
			buildSettings = {
				COPY_PHASE_STRIP = NO;
				FRAMEWORK_SEARCH_PATHS = (
					"$(inherited)",
					"\"$(SRCROOT)/build/Release\"",
				);
				GCC_DYNAMIC_NO_PIC = NO;
				GCC_ENABLE_FIX_AND_CONTINUE = YES;
				GCC_MODEL_TUNING = G5;
				GCC_OPTIMIZATION_LEVEL = 0;
				INSTALL_PATH = /usr/local/bin;
				PREBINDING = NO;
				PRODUCT_NAME = xml2midi;
				ZERO_LINK = YES;
			};
			name = Debug;
		};
		D3CE9D290D180F94001B7FB3 /* Release */ = {
			isa = XCBuildConfiguration;
			buildSettings = {
				COPY_PHASE_STRIP = YES;
				DEBUG_INFORMATION_FORMAT = "dwarf-with-dsym";
				FRAMEWORK_SEARCH_PATHS = (
					"$(inherited)",
					"\"$(SRCROOT)/build/Release\"",
				);
				GCC_ENABLE_FIX_AND_CONTINUE = NO;
				GCC_MODEL_TUNING = G5;
				INSTALL_PATH = /usr/local/bin;
				PREBINDING = NO;
				PRODUCT_NAME = xml2midi;
				ZERO_LINK = NO;
			};
			name = Release;
		};
/* End XCBuildConfiguration section */

/* Begin XCConfigurationList section */
		4FADC24208B4156D00ABE55E /* Build configuration list for PBXNativeTarget "libmusicxml2" */ = {
			isa = XCConfigurationList;
			buildConfigurations = (
				4FADC24308B4156D00ABE55E /* Debug */,
				4FADC24408B4156D00ABE55E /* Release */,
			);
			defaultConfigurationIsVisible = 0;
			defaultConfigurationName = Release;
		};
		4FADC24608B4156D00ABE55E /* Build configuration list for PBXProject "libmusicxml2" */ = {
			isa = XCConfigurationList;
			buildConfigurations = (
				4FADC24708B4156D00ABE55E /* Debug */,
				4FADC24808B4156D00ABE55E /* Release */,
			);
			defaultConfigurationIsVisible = 0;
			defaultConfigurationName = Release;
		};
		D30A5E4C0CF646CC001177C9 /* Build configuration list for PBXNativeTarget "xmlread" */ = {
			isa = XCConfigurationList;
			buildConfigurations = (
				D30A5E480CF646A4001177C9 /* Debug */,
				D30A5E490CF646A4001177C9 /* Release */,
			);
			defaultConfigurationIsVisible = 0;
			defaultConfigurationName = Release;
		};
		D30A5E5B0CF647B2001177C9 /* Build configuration list for PBXAggregateTarget "All" */ = {
			isa = XCConfigurationList;
			buildConfigurations = (
				D30A5E540CF64778001177C9 /* Debug */,
				D30A5E550CF64778001177C9 /* Release */,
			);
			defaultConfigurationIsVisible = 0;
			defaultConfigurationName = Release;
		};
		D33CF7AC0D320F6A004D9064 /* Build configuration list for PBXNativeTarget "transpose" */ = {
			isa = XCConfigurationList;
			buildConfigurations = (
				D33CF7A60D320F3D004D9064 /* Debug */,
				D33CF7A70D320F3D004D9064 /* Release */,
			);
			defaultConfigurationIsVisible = 0;
			defaultConfigurationName = Release;
		};
		D342AB090DE184AE0027DC6F /* Build configuration list for PBXNativeTarget "countnotes" */ = {
			isa = XCConfigurationList;
			buildConfigurations = (
				D342AAFE0DE1847A0027DC6F /* Debug */,
				D342AAFF0DE1847A0027DC6F /* Release */,
			);
			defaultConfigurationIsVisible = 0;
			defaultConfigurationName = Release;
		};
		D35252340D11DA8600EDD72F /* Build configuration list for PBXNativeTarget "xmlclone" */ = {
			isa = XCConfigurationList;
			buildConfigurations = (
				D35252300D11DA6200EDD72F /* Debug */,
				D35252310D11DA6200EDD72F /* Release */,
			);
			defaultConfigurationIsVisible = 0;
			defaultConfigurationName = Release;
		};
		D369C27C0D0C487700EA1D48 /* Build configuration list for PBXNativeTarget "readunrolled" */ = {
			isa = XCConfigurationList;
			buildConfigurations = (
				D369C2710D0C485900EA1D48 /* Debug */,
				D369C2720D0C485900EA1D48 /* Release */,
			);
			defaultConfigurationIsVisible = 0;
			defaultConfigurationName = Release;
		};
		D370B00B0D059212003AC66F /* Build configuration list for PBXNativeTarget "xml2guido" */ = {
			isa = XCConfigurationList;
			buildConfigurations = (
				D370B0060D0591BB003AC66F /* Debug */,
				D370B0070D0591BB003AC66F /* Release */,
			);
			defaultConfigurationIsVisible = 0;
			defaultConfigurationName = Release;
		};
		D3770B1F0DD1928700863081 /* Build configuration list for PBXNativeTarget "randomMusic" */ = {
			isa = XCConfigurationList;
			buildConfigurations = (
				D3770B1D0DD1926500863081 /* Debug */,
				D3770B1E0DD1926500863081 /* Release */,
			);
			defaultConfigurationIsVisible = 0;
			defaultConfigurationName = Release;
		};
		D379DA660DBDF2F20052160C /* Build configuration list for PBXNativeTarget "partsummary" */ = {
			isa = XCConfigurationList;
			buildConfigurations = (
				D379DA670DBDF2F20052160C /* Debug */,
				D379DA680DBDF2F20052160C /* Release */,
			);
			defaultConfigurationIsVisible = 0;
			defaultConfigurationName = Release;
		};
		D3A3F3A60D1ABF79008BF09E /* Build configuration list for PBXNativeTarget "xmliter" */ = {
			isa = XCConfigurationList;
			buildConfigurations = (
				D3A3F39E0D1ABF53008BF09E /* Debug */,
				D3A3F39F0D1ABF53008BF09E /* Release */,
			);
			defaultConfigurationIsVisible = 0;
			defaultConfigurationName = Release;
		};
		D3CE9D2D0D180FB7001B7FB3 /* Build configuration list for PBXNativeTarget "xml2midi" */ = {
			isa = XCConfigurationList;
			buildConfigurations = (
				D3CE9D280D180F94001B7FB3 /* Debug */,
				D3CE9D290D180F94001B7FB3 /* Release */,
			);
			defaultConfigurationIsVisible = 0;
			defaultConfigurationName = Release;
		};
/* End XCConfigurationList section */
	};
	rootObject = 0867D690FE84028FC02AAC07 /* Project object */;
}
