{
  "name": "libmusicxmlweb",
  "version": "0.1.0",
  "lockfileVersion": 1,
  "requires": true,
  "dependencies": {
    "@grame/libmusicxml": {
      "version": "3.19.1",
      "resolved": "https://registry.npmjs.org/@grame/libmusicxml/-/libmusicxml-3.19.1.tgz",
      "integrity": "sha512-x2in9ZUrUGRVZ/LVmURu0J2zwmj41worytko1tLUUof0LXD50rIQb/zUoqDuOyDbq+fn5eB6SwhEiWAYIc6Fng=="
    },
    "@types/jquery": {
      "version": "3.3.36",
      "resolved": "https://registry.npmjs.org/@types/jquery/-/jquery-3.3.36.tgz",
      "integrity": "sha512-jHL8J5y5fJ0+C9zCTkeOvX4zqRnPug3r6JhAqAYl2YyBCYHiXTbZSH0MRCpayZADed5TigPjH92dEKczUFT2TQ==",
      "requires": {
        "@types/sizzle": "*"
      }
    },
    "@types/node": {
      "version": "13.13.4",
      "resolved": "https://registry.npmjs.org/@types/node/-/node-13.13.4.tgz",
      "integrity": "sha512-x26ur3dSXgv5AwKS0lNfbjpCakGIduWU1DU91Zz58ONRWrIKGunmZBNv4P7N+e27sJkiGDsw/3fT4AtsqQBrBA=="
    },
    "@types/sizzle": {
      "version": "2.3.2",
      "resolved": "https://registry.npmjs.org/@types/sizzle/-/sizzle-2.3.2.tgz",
      "integrity": "sha512-7EJYyKTL7tFR8+gDbB6Wwz/arpGa0Mywk1TJbNzKzHtzbwVmY4HR9WqS5VV7dsBUKQmPNr192jHr/VpBluj/hg=="
    },
    "bootstrap": {
      "version": "3.4.1",
      "resolved": "https://registry.npmjs.org/bootstrap/-/bootstrap-3.4.1.tgz",
      "integrity": "sha512-yN5oZVmRCwe5aKwzRj6736nSmKDX7pLYwsXiCj/EYmo16hODaBiT4En5btW/jhBF/seV+XMx3aYwukYC3A49DA=="
    },
    "jquery": {
      "version": "3.5.0",
      "resolved": "https://registry.npmjs.org/jquery/-/jquery-3.5.0.tgz",
      "integrity": "sha512-Xb7SVYMvygPxbFMpTFQiHh1J7HClEaThguL15N/Gg37Lri/qKyhRGZYzHRyLH8Stq3Aow0LsHO2O2ci86fCrNQ=="
    }
  }
}
